
Microsoft Visual Studio Solution File, Format Version 12.00
# Visual Studio 15
VisualStudioVersion = 15.0.27703.2042
MinimumVisualStudioVersion = 10.0.40219.1
Project("{9A19103F-16F7-4668-BE54-9A1E7A4F7556}") = "GenerateLanguages", "GenerateLanguages.csproj", "{8421C72C-A305-4CDA-9413-715B4A095F56}"
EndProject
Global
	GlobalSection(SolutionConfigurationPlatforms) = preSolution
		Debug|Any CPU = Debug|Any CPU
		Release|Any CPU = Release|Any CPU
	EndGlobalSection
	GlobalSection(ProjectConfigurationPlatforms) = postSolution
		{8421C72C-A305-4CDA-9413-715B4A095F56}.Debug|Any CPU.ActiveCfg = Debug|Any CPU
		{8421C72C-A305-4CDA-9413-715B4A095F56}.Debug|Any CPU.Build.0 = Debug|Any CPU
		{8421C72C-A305-4CDA-9413-715B4A095F56}.Release|Any CPU.ActiveCfg = Release|Any CPU
		{8421C72C-A305-4CDA-9413-715B4A095F56}.Release|Any CPU.Build.0 = Release|Any CPU
	EndGlobalSection
	GlobalSection(SolutionProperties) = preSolution
		HideSolutionNode = FALSE
	EndGlobalSection
	GlobalSection(ExtensibilityGlobals) = postSolution
		SolutionGuid = {25A5F1D2-5109-48B1-B161-8F846145BEFB}
	EndGlobalSection
EndGlobal
