Microsoft Visual Studio Solution File, Format Version 12.00
# Visual Studio 15
VisualStudioVersion = 15.0.27130.2036
MinimumVisualStudioVersion = 10.0.40219.1
Project("{9A19103F-16F7-4668-BE54-9A1E7A4F7556}") = "Squidex", "src\Squidex\Squidex.csproj", "{61F6BBCE-A080-4400-B194-70E2F5D2096E}"
EndProject
Project("{2150E333-8FDC-42A3-9474-1A3956D46DE8}") = "infrastructure", "infrastructure", "{8CF53B92-5EB1-461D-98F8-70DA9B603FBF}"
EndProject
Project("{2150E333-8FDC-42A3-9474-1A3956D46DE8}") = "domain", "domain", "{4C6B06C2-6D77-4E0E-AE32-D7050236433A}"
EndProject
Project("{9A19103F-16F7-4668-BE54-9A1E7A4F7556}") = "Squidex.Infrastructure", "src\Squidex.Infrastructure\Squidex.Infrastructure.csproj", "{BD1C30A8-8FFA-4A92-A9BD-B67B1CDDD84C}"
EndProject
Project("{9A19103F-16F7-4668-BE54-9A1E7A4F7556}") = "Squidex.Domain.Apps.Events", "src\Squidex.Domain.Apps.Events\Squidex.Domain.Apps.Events.csproj", "{25F66C64-058A-4D44-BC0C-F12A054F9A91}"
EndProject
Project("{9A19103F-16F7-4668-BE54-9A1E7A4F7556}") = "Squidex.Infrastructure.Tests", "tests\Squidex.Infrastructure.Tests\Squidex.Infrastructure.Tests.csproj", "{7FD0A92B-7862-4BB1-932B-B52A9CACB56B}"
EndProject
Project("{9A19103F-16F7-4668-BE54-9A1E7A4F7556}") = "Squidex.Domain.Apps.Core.Tests", "tests\Squidex.Domain.Apps.Core.Tests\Squidex.Domain.Apps.Core.Tests.csproj", "{FD0AFD44-7A93-4F9E-B5ED-72582392E435}"
EndProject
Project("{9A19103F-16F7-4668-BE54-9A1E7A4F7556}") = "Squidex.Infrastructure.MongoDb", "src\Squidex.Infrastructure.MongoDb\Squidex.Infrastructure.MongoDb.csproj", "{6A811927-3C37-430A-90F4-503E37123956}"
EndProject
Project("{9A19103F-16F7-4668-BE54-9A1E7A4F7556}") = "Squidex.Infrastructure.Redis", "src\Squidex.Infrastructure.Redis\Squidex.Infrastructure.Redis.csproj", "{D7166C56-178A-4457-B56A-C615C7450DEE}"
EndProject
Project("{9A19103F-16F7-4668-BE54-9A1E7A4F7556}") = "Squidex.Infrastructure.RabbitMq", "src\Squidex.Infrastructure.RabbitMq\Squidex.Infrastructure.RabbitMq.csproj", "{C1E5BBB6-6B6A-4DE5-B19D-0538304DE343}"
EndProject
Project("{9A19103F-16F7-4668-BE54-9A1E7A4F7556}") = "Squidex.Infrastructure.GoogleCloud", "src\Squidex.Infrastructure.GoogleCloud\Squidex.Infrastructure.GoogleCloud.csproj", "{945871B1-77B8-43FB-B53C-27CF385AB756}"
EndProject
Project("{2150E333-8FDC-42A3-9474-1A3956D46DE8}") = "migrations", "migrations", "{94207AA6-4923-4183-A558-E0F8196B8CA3}"
EndProject
Project("{9A19103F-16F7-4668-BE54-9A1E7A4F7556}") = "Migrate_00", "tools\Migrate_00\Migrate_00.csproj", "{B51126A8-0D75-4A79-867D-10724EC6AC84}"
EndProject
Project("{9A19103F-16F7-4668-BE54-9A1E7A4F7556}") = "Squidex.Shared", "src\Squidex.Shared\Squidex.Shared.csproj", "{5E75AB7D-6F01-4313-AFF1-7F7128FFD71F}"
EndProject
Project("{2150E333-8FDC-42A3-9474-1A3956D46DE8}") = "apps", "apps", "{C9809D59-6665-471E-AD87-5AC624C65892}"
EndProject
Project("{2150E333-8FDC-42A3-9474-1A3956D46DE8}") = "users", "users", "{C0D540F0-9158-4528-BFD8-BEAE6EAE45EA}"
EndProject
Project("{9A19103F-16F7-4668-BE54-9A1E7A4F7556}") = "Squidex.Domain.Users", "src\Squidex.Domain.Users\Squidex.Domain.Users.csproj", "{F7771E22-47BD-45C4-A133-FD7F1DE27CA0}"
EndProject
Project("{9A19103F-16F7-4668-BE54-9A1E7A4F7556}") = "Squidex.Domain.Users.MongoDb", "src\Squidex.Domain.Users.MongoDb\Squidex.Domain.Users.MongoDb.csproj", "{27CF800D-890F-4882-BF05-44EC3233537D}"
EndProject
Project("{9A19103F-16F7-4668-BE54-9A1E7A4F7556}") = "Squidex.Domain.Users.Tests", "tests\Squidex.Domain.Users.Tests\Squidex.Domain.Users.Tests.csproj", "{42184546-E3CB-4D4F-9495-43979B9C63B9}"
EndProject
Project("{9A19103F-16F7-4668-BE54-9A1E7A4F7556}") = "Squidex.Infrastructure.GetEventStore", "src\Squidex.Infrastructure.GetEventStore\Squidex.Infrastructure.GetEventStore.csproj", "{EF75E488-1324-4E18-A1BD-D3A05AE67B1F}"
EndProject
Project("{9A19103F-16F7-4668-BE54-9A1E7A4F7556}") = "Squidex.Infrastructure.Azure", "src\Squidex.Infrastructure.Azure\Squidex.Infrastructure.Azure.csproj", "{7931187E-A1E6-4F89-8BC8-20A1E445579F}"
EndProject
Project("{2150E333-8FDC-42A3-9474-1A3956D46DE8}") = "Solution Items", "Solution Items", "{360C300D-0F7E-439D-A437-714C959E3CAD}"
	ProjectSection(SolutionItems) = preProject
		stylecop.json = stylecop.json
	EndProjectSection
EndProject
Project("{9A19103F-16F7-4668-BE54-9A1E7A4F7556}") = "Squidex.Domain.Apps.Core.Model", "src\Squidex.Domain.Apps.Core.Model\Squidex.Domain.Apps.Core.Model.csproj", "{F0A83301-50A5-40EA-A1A2-07C7858F5A3F}"
EndProject
Project("{9A19103F-16F7-4668-BE54-9A1E7A4F7556}") = "Squidex.Domain.Apps.Core.Operations", "src\Squidex.Domain.Apps.Core.Operations\Squidex.Domain.Apps.Core.Operations.csproj", "{6B3F75B6-5888-468E-BA4F-4FC725DAEF31}"
EndProject
Project("{9A19103F-16F7-4668-BE54-9A1E7A4F7556}") = "Squidex.Domain.Apps.Entities", "src\Squidex.Domain.Apps.Entities\Squidex.Domain.Apps.Entities.csproj", "{79FEF326-CA5E-4698-B2BA-C16A4580B4D5}"
EndProject
Project("{9A19103F-16F7-4668-BE54-9A1E7A4F7556}") = "Squidex.Domain.Apps.Entities.Tests", "tests\Squidex.Domain.Apps.Entities.Tests\Squidex.Domain.Apps.Entities.Tests.csproj", "{AA003372-CD8D-4DBC-962C-F61E0C93CF05}"
EndProject
Project("{9A19103F-16F7-4668-BE54-9A1E7A4F7556}") = "Squidex.Domain.Apps.Entities.MongoDb", "src\Squidex.Domain.Apps.Entities.MongoDb\Squidex.Domain.Apps.Entities.MongoDb.csproj", "{7DA5B308-D950-4496-93D5-21D6C4D91644}"
EndProject
Project("{9A19103F-16F7-4668-BE54-9A1E7A4F7556}") = "Migrate_01", "tools\Migrate_01\Migrate_01.csproj", "{A4823E14-C0E5-4A4D-B28F-27424C25C3C7}"
EndProject
Project("{9A19103F-16F7-4668-BE54-9A1E7A4F7556}") = "Squidex.Tests", "tests\Squidex.Tests\Squidex.Tests.csproj", "{7E8CC864-4C6E-496F-A672-9F9AD8874835}"
EndProject
Global
	GlobalSection(SolutionConfigurationPlatforms) = preSolution
		Debug|Any CPU = Debug|Any CPU
		Debug|x64 = Debug|x64
		Debug|x86 = Debug|x86
		Release|Any CPU = Release|Any CPU
		Release|x64 = Release|x64
		Release|x86 = Release|x86
	EndGlobalSection
	GlobalSection(ProjectConfigurationPlatforms) = postSolution
		{61F6BBCE-A080-4400-B194-70E2F5D2096E}.Debug|Any CPU.ActiveCfg = Debug|Any CPU
		{61F6BBCE-A080-4400-B194-70E2F5D2096E}.Debug|Any CPU.Build.0 = Debug|Any CPU
		{61F6BBCE-A080-4400-B194-70E2F5D2096E}.Debug|x64.ActiveCfg = Debug|Any CPU
		{61F6BBCE-A080-4400-B194-70E2F5D2096E}.Debug|x86.ActiveCfg = Debug|Any CPU
		{61F6BBCE-A080-4400-B194-70E2F5D2096E}.Release|Any CPU.ActiveCfg = Release|Any CPU
		{61F6BBCE-A080-4400-B194-70E2F5D2096E}.Release|Any CPU.Build.0 = Release|Any CPU
		{61F6BBCE-A080-4400-B194-70E2F5D2096E}.Release|x64.ActiveCfg = Release|Any CPU
		{61F6BBCE-A080-4400-B194-70E2F5D2096E}.Release|x86.ActiveCfg = Release|Any CPU
		{BD1C30A8-8FFA-4A92-A9BD-B67B1CDDD84C}.Debug|Any CPU.ActiveCfg = Debug|Any CPU
		{BD1C30A8-8FFA-4A92-A9BD-B67B1CDDD84C}.Debug|Any CPU.Build.0 = Debug|Any CPU
		{BD1C30A8-8FFA-4A92-A9BD-B67B1CDDD84C}.Debug|x64.ActiveCfg = Debug|Any CPU
		{BD1C30A8-8FFA-4A92-A9BD-B67B1CDDD84C}.Debug|x86.ActiveCfg = Debug|Any CPU
		{BD1C30A8-8FFA-4A92-A9BD-B67B1CDDD84C}.Release|Any CPU.ActiveCfg = Release|Any CPU
		{BD1C30A8-8FFA-4A92-A9BD-B67B1CDDD84C}.Release|Any CPU.Build.0 = Release|Any CPU
		{BD1C30A8-8FFA-4A92-A9BD-B67B1CDDD84C}.Release|x64.ActiveCfg = Release|Any CPU
		{BD1C30A8-8FFA-4A92-A9BD-B67B1CDDD84C}.Release|x86.ActiveCfg = Release|Any CPU
		{25F66C64-058A-4D44-BC0C-F12A054F9A91}.Debug|Any CPU.ActiveCfg = Debug|Any CPU
		{25F66C64-058A-4D44-BC0C-F12A054F9A91}.Debug|Any CPU.Build.0 = Debug|Any CPU
		{25F66C64-058A-4D44-BC0C-F12A054F9A91}.Debug|x64.ActiveCfg = Debug|Any CPU
		{25F66C64-058A-4D44-BC0C-F12A054F9A91}.Debug|x86.ActiveCfg = Debug|Any CPU
		{25F66C64-058A-4D44-BC0C-F12A054F9A91}.Release|Any CPU.ActiveCfg = Release|Any CPU
		{25F66C64-058A-4D44-BC0C-F12A054F9A91}.Release|Any CPU.Build.0 = Release|Any CPU
		{25F66C64-058A-4D44-BC0C-F12A054F9A91}.Release|x64.ActiveCfg = Release|Any CPU
		{25F66C64-058A-4D44-BC0C-F12A054F9A91}.Release|x86.ActiveCfg = Release|Any CPU
		{7FD0A92B-7862-4BB1-932B-B52A9CACB56B}.Debug|Any CPU.ActiveCfg = Debug|Any CPU
		{7FD0A92B-7862-4BB1-932B-B52A9CACB56B}.Debug|Any CPU.Build.0 = Debug|Any CPU
		{7FD0A92B-7862-4BB1-932B-B52A9CACB56B}.Debug|x64.ActiveCfg = Debug|Any CPU
		{7FD0A92B-7862-4BB1-932B-B52A9CACB56B}.Debug|x86.ActiveCfg = Debug|Any CPU
		{7FD0A92B-7862-4BB1-932B-B52A9CACB56B}.Release|Any CPU.ActiveCfg = Release|Any CPU
		{7FD0A92B-7862-4BB1-932B-B52A9CACB56B}.Release|Any CPU.Build.0 = Release|Any CPU
		{7FD0A92B-7862-4BB1-932B-B52A9CACB56B}.Release|x64.ActiveCfg = Release|Any CPU
		{7FD0A92B-7862-4BB1-932B-B52A9CACB56B}.Release|x86.ActiveCfg = Release|Any CPU
		{FD0AFD44-7A93-4F9E-B5ED-72582392E435}.Debug|Any CPU.ActiveCfg = Debug|Any CPU
		{FD0AFD44-7A93-4F9E-B5ED-72582392E435}.Debug|Any CPU.Build.0 = Debug|Any CPU
		{FD0AFD44-7A93-4F9E-B5ED-72582392E435}.Debug|x64.ActiveCfg = Debug|Any CPU
		{FD0AFD44-7A93-4F9E-B5ED-72582392E435}.Debug|x86.ActiveCfg = Debug|Any CPU
		{FD0AFD44-7A93-4F9E-B5ED-72582392E435}.Release|Any CPU.ActiveCfg = Release|Any CPU
		{FD0AFD44-7A93-4F9E-B5ED-72582392E435}.Release|Any CPU.Build.0 = Release|Any CPU
		{FD0AFD44-7A93-4F9E-B5ED-72582392E435}.Release|x64.ActiveCfg = Release|Any CPU
		{FD0AFD44-7A93-4F9E-B5ED-72582392E435}.Release|x86.ActiveCfg = Release|Any CPU
		{6A811927-3C37-430A-90F4-503E37123956}.Debug|Any CPU.ActiveCfg = Debug|Any CPU
		{6A811927-3C37-430A-90F4-503E37123956}.Debug|Any CPU.Build.0 = Debug|Any CPU
		{6A811927-3C37-430A-90F4-503E37123956}.Debug|x64.ActiveCfg = Debug|Any CPU
		{6A811927-3C37-430A-90F4-503E37123956}.Debug|x86.ActiveCfg = Debug|Any CPU
		{6A811927-3C37-430A-90F4-503E37123956}.Release|Any CPU.ActiveCfg = Release|Any CPU
		{6A811927-3C37-430A-90F4-503E37123956}.Release|Any CPU.Build.0 = Release|Any CPU
		{6A811927-3C37-430A-90F4-503E37123956}.Release|x64.ActiveCfg = Release|Any CPU
		{6A811927-3C37-430A-90F4-503E37123956}.Release|x86.ActiveCfg = Release|Any CPU
		{D7166C56-178A-4457-B56A-C615C7450DEE}.Debug|Any CPU.ActiveCfg = Debug|Any CPU
		{D7166C56-178A-4457-B56A-C615C7450DEE}.Debug|Any CPU.Build.0 = Debug|Any CPU
		{D7166C56-178A-4457-B56A-C615C7450DEE}.Debug|x64.ActiveCfg = Debug|Any CPU
		{D7166C56-178A-4457-B56A-C615C7450DEE}.Debug|x86.ActiveCfg = Debug|Any CPU
		{D7166C56-178A-4457-B56A-C615C7450DEE}.Release|Any CPU.ActiveCfg = Release|Any CPU
		{D7166C56-178A-4457-B56A-C615C7450DEE}.Release|Any CPU.Build.0 = Release|Any CPU
		{D7166C56-178A-4457-B56A-C615C7450DEE}.Release|x64.ActiveCfg = Release|Any CPU
		{D7166C56-178A-4457-B56A-C615C7450DEE}.Release|x86.ActiveCfg = Release|Any CPU
		{C1E5BBB6-6B6A-4DE5-B19D-0538304DE343}.Debug|Any CPU.ActiveCfg = Debug|Any CPU
		{C1E5BBB6-6B6A-4DE5-B19D-0538304DE343}.Debug|Any CPU.Build.0 = Debug|Any CPU
		{C1E5BBB6-6B6A-4DE5-B19D-0538304DE343}.Debug|x64.ActiveCfg = Debug|Any CPU
		{C1E5BBB6-6B6A-4DE5-B19D-0538304DE343}.Debug|x64.Build.0 = Debug|Any CPU
		{C1E5BBB6-6B6A-4DE5-B19D-0538304DE343}.Debug|x86.ActiveCfg = Debug|Any CPU
		{C1E5BBB6-6B6A-4DE5-B19D-0538304DE343}.Debug|x86.Build.0 = Debug|Any CPU
		{C1E5BBB6-6B6A-4DE5-B19D-0538304DE343}.Release|Any CPU.ActiveCfg = Release|Any CPU
		{C1E5BBB6-6B6A-4DE5-B19D-0538304DE343}.Release|Any CPU.Build.0 = Release|Any CPU
		{C1E5BBB6-6B6A-4DE5-B19D-0538304DE343}.Release|x64.ActiveCfg = Release|Any CPU
		{C1E5BBB6-6B6A-4DE5-B19D-0538304DE343}.Release|x64.Build.0 = Release|Any CPU
		{C1E5BBB6-6B6A-4DE5-B19D-0538304DE343}.Release|x86.ActiveCfg = Release|Any CPU
		{C1E5BBB6-6B6A-4DE5-B19D-0538304DE343}.Release|x86.Build.0 = Release|Any CPU
		{945871B1-77B8-43FB-B53C-27CF385AB756}.Debug|Any CPU.ActiveCfg = Debug|Any CPU
		{945871B1-77B8-43FB-B53C-27CF385AB756}.Debug|Any CPU.Build.0 = Debug|Any CPU
		{945871B1-77B8-43FB-B53C-27CF385AB756}.Debug|x64.ActiveCfg = Debug|Any CPU
		{945871B1-77B8-43FB-B53C-27CF385AB756}.Debug|x64.Build.0 = Debug|Any CPU
		{945871B1-77B8-43FB-B53C-27CF385AB756}.Debug|x86.ActiveCfg = Debug|Any CPU
		{945871B1-77B8-43FB-B53C-27CF385AB756}.Debug|x86.Build.0 = Debug|Any CPU
		{945871B1-77B8-43FB-B53C-27CF385AB756}.Release|Any CPU.ActiveCfg = Release|Any CPU
		{945871B1-77B8-43FB-B53C-27CF385AB756}.Release|Any CPU.Build.0 = Release|Any CPU
		{945871B1-77B8-43FB-B53C-27CF385AB756}.Release|x64.ActiveCfg = Release|Any CPU
		{945871B1-77B8-43FB-B53C-27CF385AB756}.Release|x64.Build.0 = Release|Any CPU
		{945871B1-77B8-43FB-B53C-27CF385AB756}.Release|x86.ActiveCfg = Release|Any CPU
		{945871B1-77B8-43FB-B53C-27CF385AB756}.Release|x86.Build.0 = Release|Any CPU
		{B51126A8-0D75-4A79-867D-10724EC6AC84}.Debug|Any CPU.ActiveCfg = Debug|Any CPU
		{B51126A8-0D75-4A79-867D-10724EC6AC84}.Debug|Any CPU.Build.0 = Debug|Any CPU
		{B51126A8-0D75-4A79-867D-10724EC6AC84}.Debug|x64.ActiveCfg = Debug|Any CPU
		{B51126A8-0D75-4A79-867D-10724EC6AC84}.Debug|x64.Build.0 = Debug|Any CPU
		{B51126A8-0D75-4A79-867D-10724EC6AC84}.Debug|x86.ActiveCfg = Debug|Any CPU
		{B51126A8-0D75-4A79-867D-10724EC6AC84}.Debug|x86.Build.0 = Debug|Any CPU
		{B51126A8-0D75-4A79-867D-10724EC6AC84}.Release|Any CPU.ActiveCfg = Release|Any CPU
		{B51126A8-0D75-4A79-867D-10724EC6AC84}.Release|Any CPU.Build.0 = Release|Any CPU
		{B51126A8-0D75-4A79-867D-10724EC6AC84}.Release|x64.ActiveCfg = Release|Any CPU
		{B51126A8-0D75-4A79-867D-10724EC6AC84}.Release|x64.Build.0 = Release|Any CPU
		{B51126A8-0D75-4A79-867D-10724EC6AC84}.Release|x86.ActiveCfg = Release|Any CPU
		{B51126A8-0D75-4A79-867D-10724EC6AC84}.Release|x86.Build.0 = Release|Any CPU
		{5E75AB7D-6F01-4313-AFF1-7F7128FFD71F}.Debug|Any CPU.ActiveCfg = Debug|Any CPU
		{5E75AB7D-6F01-4313-AFF1-7F7128FFD71F}.Debug|Any CPU.Build.0 = Debug|Any CPU
		{5E75AB7D-6F01-4313-AFF1-7F7128FFD71F}.Debug|x64.ActiveCfg = Debug|Any CPU
		{5E75AB7D-6F01-4313-AFF1-7F7128FFD71F}.Debug|x64.Build.0 = Debug|Any CPU
		{5E75AB7D-6F01-4313-AFF1-7F7128FFD71F}.Debug|x86.ActiveCfg = Debug|Any CPU
		{5E75AB7D-6F01-4313-AFF1-7F7128FFD71F}.Debug|x86.Build.0 = Debug|Any CPU
		{5E75AB7D-6F01-4313-AFF1-7F7128FFD71F}.Release|Any CPU.ActiveCfg = Release|Any CPU
		{5E75AB7D-6F01-4313-AFF1-7F7128FFD71F}.Release|Any CPU.Build.0 = Release|Any CPU
		{5E75AB7D-6F01-4313-AFF1-7F7128FFD71F}.Release|x64.ActiveCfg = Release|Any CPU
		{5E75AB7D-6F01-4313-AFF1-7F7128FFD71F}.Release|x64.Build.0 = Release|Any CPU
		{5E75AB7D-6F01-4313-AFF1-7F7128FFD71F}.Release|x86.ActiveCfg = Release|Any CPU
		{5E75AB7D-6F01-4313-AFF1-7F7128FFD71F}.Release|x86.Build.0 = Release|Any CPU
		{F7771E22-47BD-45C4-A133-FD7F1DE27CA0}.Debug|Any CPU.ActiveCfg = Debug|Any CPU
		{F7771E22-47BD-45C4-A133-FD7F1DE27CA0}.Debug|Any CPU.Build.0 = Debug|Any CPU
		{F7771E22-47BD-45C4-A133-FD7F1DE27CA0}.Debug|x64.ActiveCfg = Debug|Any CPU
		{F7771E22-47BD-45C4-A133-FD7F1DE27CA0}.Debug|x64.Build.0 = Debug|Any CPU
		{F7771E22-47BD-45C4-A133-FD7F1DE27CA0}.Debug|x86.ActiveCfg = Debug|Any CPU
		{F7771E22-47BD-45C4-A133-FD7F1DE27CA0}.Debug|x86.Build.0 = Debug|Any CPU
		{F7771E22-47BD-45C4-A133-FD7F1DE27CA0}.Release|Any CPU.ActiveCfg = Release|Any CPU
		{F7771E22-47BD-45C4-A133-FD7F1DE27CA0}.Release|Any CPU.Build.0 = Release|Any CPU
		{F7771E22-47BD-45C4-A133-FD7F1DE27CA0}.Release|x64.ActiveCfg = Release|Any CPU
		{F7771E22-47BD-45C4-A133-FD7F1DE27CA0}.Release|x64.Build.0 = Release|Any CPU
		{F7771E22-47BD-45C4-A133-FD7F1DE27CA0}.Release|x86.ActiveCfg = Release|Any CPU
		{F7771E22-47BD-45C4-A133-FD7F1DE27CA0}.Release|x86.Build.0 = Release|Any CPU
		{27CF800D-890F-4882-BF05-44EC3233537D}.Debug|Any CPU.ActiveCfg = Debug|Any CPU
		{27CF800D-890F-4882-BF05-44EC3233537D}.Debug|Any CPU.Build.0 = Debug|Any CPU
		{27CF800D-890F-4882-BF05-44EC3233537D}.Debug|x64.ActiveCfg = Debug|Any CPU
		{27CF800D-890F-4882-BF05-44EC3233537D}.Debug|x64.Build.0 = Debug|Any CPU
		{27CF800D-890F-4882-BF05-44EC3233537D}.Debug|x86.ActiveCfg = Debug|Any CPU
		{27CF800D-890F-4882-BF05-44EC3233537D}.Debug|x86.Build.0 = Debug|Any CPU
		{27CF800D-890F-4882-BF05-44EC3233537D}.Release|Any CPU.ActiveCfg = Release|Any CPU
		{27CF800D-890F-4882-BF05-44EC3233537D}.Release|Any CPU.Build.0 = Release|Any CPU
		{27CF800D-890F-4882-BF05-44EC3233537D}.Release|x64.ActiveCfg = Release|Any CPU
		{27CF800D-890F-4882-BF05-44EC3233537D}.Release|x64.Build.0 = Release|Any CPU
		{27CF800D-890F-4882-BF05-44EC3233537D}.Release|x86.ActiveCfg = Release|Any CPU
		{27CF800D-890F-4882-BF05-44EC3233537D}.Release|x86.Build.0 = Release|Any CPU
		{42184546-E3CB-4D4F-9495-43979B9C63B9}.Debug|Any CPU.ActiveCfg = Debug|Any CPU
		{42184546-E3CB-4D4F-9495-43979B9C63B9}.Debug|Any CPU.Build.0 = Debug|Any CPU
		{42184546-E3CB-4D4F-9495-43979B9C63B9}.Debug|x64.ActiveCfg = Debug|Any CPU
		{42184546-E3CB-4D4F-9495-43979B9C63B9}.Debug|x64.Build.0 = Debug|Any CPU
		{42184546-E3CB-4D4F-9495-43979B9C63B9}.Debug|x86.ActiveCfg = Debug|Any CPU
		{42184546-E3CB-4D4F-9495-43979B9C63B9}.Debug|x86.Build.0 = Debug|Any CPU
		{42184546-E3CB-4D4F-9495-43979B9C63B9}.Release|Any CPU.ActiveCfg = Release|Any CPU
		{42184546-E3CB-4D4F-9495-43979B9C63B9}.Release|Any CPU.Build.0 = Release|Any CPU
		{42184546-E3CB-4D4F-9495-43979B9C63B9}.Release|x64.ActiveCfg = Release|Any CPU
		{42184546-E3CB-4D4F-9495-43979B9C63B9}.Release|x64.Build.0 = Release|Any CPU
		{42184546-E3CB-4D4F-9495-43979B9C63B9}.Release|x86.ActiveCfg = Release|Any CPU
		{42184546-E3CB-4D4F-9495-43979B9C63B9}.Release|x86.Build.0 = Release|Any CPU
		{EF75E488-1324-4E18-A1BD-D3A05AE67B1F}.Debug|Any CPU.ActiveCfg = Debug|Any CPU
		{EF75E488-1324-4E18-A1BD-D3A05AE67B1F}.Debug|Any CPU.Build.0 = Debug|Any CPU
		{EF75E488-1324-4E18-A1BD-D3A05AE67B1F}.Debug|x64.ActiveCfg = Debug|Any CPU
		{EF75E488-1324-4E18-A1BD-D3A05AE67B1F}.Debug|x64.Build.0 = Debug|Any CPU
		{EF75E488-1324-4E18-A1BD-D3A05AE67B1F}.Debug|x86.ActiveCfg = Debug|Any CPU
		{EF75E488-1324-4E18-A1BD-D3A05AE67B1F}.Debug|x86.Build.0 = Debug|Any CPU
		{EF75E488-1324-4E18-A1BD-D3A05AE67B1F}.Release|Any CPU.ActiveCfg = Release|Any CPU
		{EF75E488-1324-4E18-A1BD-D3A05AE67B1F}.Release|Any CPU.Build.0 = Release|Any CPU
		{EF75E488-1324-4E18-A1BD-D3A05AE67B1F}.Release|x64.ActiveCfg = Release|Any CPU
		{EF75E488-1324-4E18-A1BD-D3A05AE67B1F}.Release|x64.Build.0 = Release|Any CPU
		{EF75E488-1324-4E18-A1BD-D3A05AE67B1F}.Release|x86.ActiveCfg = Release|Any CPU
		{EF75E488-1324-4E18-A1BD-D3A05AE67B1F}.Release|x86.Build.0 = Release|Any CPU
		{7931187E-A1E6-4F89-8BC8-20A1E445579F}.Debug|Any CPU.ActiveCfg = Debug|Any CPU
		{7931187E-A1E6-4F89-8BC8-20A1E445579F}.Debug|Any CPU.Build.0 = Debug|Any CPU
		{7931187E-A1E6-4F89-8BC8-20A1E445579F}.Debug|x64.ActiveCfg = Debug|Any CPU
		{7931187E-A1E6-4F89-8BC8-20A1E445579F}.Debug|x64.Build.0 = Debug|Any CPU
		{7931187E-A1E6-4F89-8BC8-20A1E445579F}.Debug|x86.ActiveCfg = Debug|Any CPU
		{7931187E-A1E6-4F89-8BC8-20A1E445579F}.Debug|x86.Build.0 = Debug|Any CPU
		{7931187E-A1E6-4F89-8BC8-20A1E445579F}.Release|Any CPU.ActiveCfg = Release|Any CPU
		{7931187E-A1E6-4F89-8BC8-20A1E445579F}.Release|Any CPU.Build.0 = Release|Any CPU
		{7931187E-A1E6-4F89-8BC8-20A1E445579F}.Release|x64.ActiveCfg = Release|Any CPU
		{7931187E-A1E6-4F89-8BC8-20A1E445579F}.Release|x64.Build.0 = Release|Any CPU
		{7931187E-A1E6-4F89-8BC8-20A1E445579F}.Release|x86.ActiveCfg = Release|Any CPU
		{7931187E-A1E6-4F89-8BC8-20A1E445579F}.Release|x86.Build.0 = Release|Any CPU
		{F0A83301-50A5-40EA-A1A2-07C7858F5A3F}.Debug|Any CPU.ActiveCfg = Debug|Any CPU
		{F0A83301-50A5-40EA-A1A2-07C7858F5A3F}.Debug|Any CPU.Build.0 = Debug|Any CPU
		{F0A83301-50A5-40EA-A1A2-07C7858F5A3F}.Debug|x64.ActiveCfg = Debug|Any CPU
		{F0A83301-50A5-40EA-A1A2-07C7858F5A3F}.Debug|x64.Build.0 = Debug|Any CPU
		{F0A83301-50A5-40EA-A1A2-07C7858F5A3F}.Debug|x86.ActiveCfg = Debug|Any CPU
		{F0A83301-50A5-40EA-A1A2-07C7858F5A3F}.Debug|x86.Build.0 = Debug|Any CPU
		{F0A83301-50A5-40EA-A1A2-07C7858F5A3F}.Release|Any CPU.ActiveCfg = Release|Any CPU
		{F0A83301-50A5-40EA-A1A2-07C7858F5A3F}.Release|Any CPU.Build.0 = Release|Any CPU
		{F0A83301-50A5-40EA-A1A2-07C7858F5A3F}.Release|x64.ActiveCfg = Release|Any CPU
		{F0A83301-50A5-40EA-A1A2-07C7858F5A3F}.Release|x64.Build.0 = Release|Any CPU
		{F0A83301-50A5-40EA-A1A2-07C7858F5A3F}.Release|x86.ActiveCfg = Release|Any CPU
		{F0A83301-50A5-40EA-A1A2-07C7858F5A3F}.Release|x86.Build.0 = Release|Any CPU
		{6B3F75B6-5888-468E-BA4F-4FC725DAEF31}.Debug|Any CPU.ActiveCfg = Debug|Any CPU
		{6B3F75B6-5888-468E-BA4F-4FC725DAEF31}.Debug|Any CPU.Build.0 = Debug|Any CPU
		{6B3F75B6-5888-468E-BA4F-4FC725DAEF31}.Debug|x64.ActiveCfg = Debug|Any CPU
		{6B3F75B6-5888-468E-BA4F-4FC725DAEF31}.Debug|x64.Build.0 = Debug|Any CPU
		{6B3F75B6-5888-468E-BA4F-4FC725DAEF31}.Debug|x86.ActiveCfg = Debug|Any CPU
		{6B3F75B6-5888-468E-BA4F-4FC725DAEF31}.Debug|x86.Build.0 = Debug|Any CPU
		{6B3F75B6-5888-468E-BA4F-4FC725DAEF31}.Release|Any CPU.ActiveCfg = Release|Any CPU
		{6B3F75B6-5888-468E-BA4F-4FC725DAEF31}.Release|Any CPU.Build.0 = Release|Any CPU
		{6B3F75B6-5888-468E-BA4F-4FC725DAEF31}.Release|x64.ActiveCfg = Release|Any CPU
		{6B3F75B6-5888-468E-BA4F-4FC725DAEF31}.Release|x64.Build.0 = Release|Any CPU
		{6B3F75B6-5888-468E-BA4F-4FC725DAEF31}.Release|x86.ActiveCfg = Release|Any CPU
		{6B3F75B6-5888-468E-BA4F-4FC725DAEF31}.Release|x86.Build.0 = Release|Any CPU
		{79FEF326-CA5E-4698-B2BA-C16A4580B4D5}.Debug|Any CPU.ActiveCfg = Debug|Any CPU
		{79FEF326-CA5E-4698-B2BA-C16A4580B4D5}.Debug|Any CPU.Build.0 = Debug|Any CPU
		{79FEF326-CA5E-4698-B2BA-C16A4580B4D5}.Debug|x64.ActiveCfg = Debug|Any CPU
		{79FEF326-CA5E-4698-B2BA-C16A4580B4D5}.Debug|x64.Build.0 = Debug|Any CPU
		{79FEF326-CA5E-4698-B2BA-C16A4580B4D5}.Debug|x86.ActiveCfg = Debug|Any CPU
		{79FEF326-CA5E-4698-B2BA-C16A4580B4D5}.Debug|x86.Build.0 = Debug|Any CPU
		{79FEF326-CA5E-4698-B2BA-C16A4580B4D5}.Release|Any CPU.ActiveCfg = Release|Any CPU
		{79FEF326-CA5E-4698-B2BA-C16A4580B4D5}.Release|Any CPU.Build.0 = Release|Any CPU
		{79FEF326-CA5E-4698-B2BA-C16A4580B4D5}.Release|x64.ActiveCfg = Release|Any CPU
		{79FEF326-CA5E-4698-B2BA-C16A4580B4D5}.Release|x64.Build.0 = Release|Any CPU
		{79FEF326-CA5E-4698-B2BA-C16A4580B4D5}.Release|x86.ActiveCfg = Release|Any CPU
		{79FEF326-CA5E-4698-B2BA-C16A4580B4D5}.Release|x86.Build.0 = Release|Any CPU
		{AA003372-CD8D-4DBC-962C-F61E0C93CF05}.Debug|Any CPU.ActiveCfg = Debug|Any CPU
		{AA003372-CD8D-4DBC-962C-F61E0C93CF05}.Debug|Any CPU.Build.0 = Debug|Any CPU
		{AA003372-CD8D-4DBC-962C-F61E0C93CF05}.Debug|x64.ActiveCfg = Debug|Any CPU
		{AA003372-CD8D-4DBC-962C-F61E0C93CF05}.Debug|x64.Build.0 = Debug|Any CPU
		{AA003372-CD8D-4DBC-962C-F61E0C93CF05}.Debug|x86.ActiveCfg = Debug|Any CPU
		{AA003372-CD8D-4DBC-962C-F61E0C93CF05}.Debug|x86.Build.0 = Debug|Any CPU
		{AA003372-CD8D-4DBC-962C-F61E0C93CF05}.Release|Any CPU.ActiveCfg = Release|Any CPU
		{AA003372-CD8D-4DBC-962C-F61E0C93CF05}.Release|Any CPU.Build.0 = Release|Any CPU
		{AA003372-CD8D-4DBC-962C-F61E0C93CF05}.Release|x64.ActiveCfg = Release|Any CPU
		{AA003372-CD8D-4DBC-962C-F61E0C93CF05}.Release|x64.Build.0 = Release|Any CPU
		{AA003372-CD8D-4DBC-962C-F61E0C93CF05}.Release|x86.ActiveCfg = Release|Any CPU
		{AA003372-CD8D-4DBC-962C-F61E0C93CF05}.Release|x86.Build.0 = Release|Any CPU
		{7DA5B308-D950-4496-93D5-21D6C4D91644}.Debug|Any CPU.ActiveCfg = Debug|Any CPU
		{7DA5B308-D950-4496-93D5-21D6C4D91644}.Debug|Any CPU.Build.0 = Debug|Any CPU
		{7DA5B308-D950-4496-93D5-21D6C4D91644}.Debug|x64.ActiveCfg = Debug|Any CPU
		{7DA5B308-D950-4496-93D5-21D6C4D91644}.Debug|x64.Build.0 = Debug|Any CPU
		{7DA5B308-D950-4496-93D5-21D6C4D91644}.Debug|x86.ActiveCfg = Debug|Any CPU
		{7DA5B308-D950-4496-93D5-21D6C4D91644}.Debug|x86.Build.0 = Debug|Any CPU
		{7DA5B308-D950-4496-93D5-21D6C4D91644}.Release|Any CPU.ActiveCfg = Release|Any CPU
		{7DA5B308-D950-4496-93D5-21D6C4D91644}.Release|Any CPU.Build.0 = Release|Any CPU
		{7DA5B308-D950-4496-93D5-21D6C4D91644}.Release|x64.ActiveCfg = Release|Any CPU
		{7DA5B308-D950-4496-93D5-21D6C4D91644}.Release|x64.Build.0 = Release|Any CPU
		{7DA5B308-D950-4496-93D5-21D6C4D91644}.Release|x86.ActiveCfg = Release|Any CPU
		{7DA5B308-D950-4496-93D5-21D6C4D91644}.Release|x86.Build.0 = Release|Any CPU
		{A4823E14-C0E5-4A4D-B28F-27424C25C3C7}.Debug|Any CPU.ActiveCfg = Debug|Any CPU
		{A4823E14-C0E5-4A4D-B28F-27424C25C3C7}.Debug|Any CPU.Build.0 = Debug|Any CPU
		{A4823E14-C0E5-4A4D-B28F-27424C25C3C7}.Debug|x64.ActiveCfg = Debug|Any CPU
		{A4823E14-C0E5-4A4D-B28F-27424C25C3C7}.Debug|x64.Build.0 = Debug|Any CPU
		{A4823E14-C0E5-4A4D-B28F-27424C25C3C7}.Debug|x86.ActiveCfg = Debug|Any CPU
		{A4823E14-C0E5-4A4D-B28F-27424C25C3C7}.Debug|x86.Build.0 = Debug|Any CPU
		{A4823E14-C0E5-4A4D-B28F-27424C25C3C7}.Release|Any CPU.ActiveCfg = Release|Any CPU
		{A4823E14-C0E5-4A4D-B28F-27424C25C3C7}.Release|Any CPU.Build.0 = Release|Any CPU
		{A4823E14-C0E5-4A4D-B28F-27424C25C3C7}.Release|x64.ActiveCfg = Release|Any CPU
		{A4823E14-C0E5-4A4D-B28F-27424C25C3C7}.Release|x64.Build.0 = Release|Any CPU
		{A4823E14-C0E5-4A4D-B28F-27424C25C3C7}.Release|x86.ActiveCfg = Release|Any CPU
		{A4823E14-C0E5-4A4D-B28F-27424C25C3C7}.Release|x86.Build.0 = Release|Any CPU
		{7E8CC864-4C6E-496F-A672-9F9AD8874835}.Debug|Any CPU.ActiveCfg = Debug|Any CPU
		{7E8CC864-4C6E-496F-A672-9F9AD8874835}.Debug|Any CPU.Build.0 = Debug|Any CPU
		{7E8CC864-4C6E-496F-A672-9F9AD8874835}.Debug|x64.ActiveCfg = Debug|Any CPU
		{7E8CC864-4C6E-496F-A672-9F9AD8874835}.Debug|x64.Build.0 = Debug|Any CPU
		{7E8CC864-4C6E-496F-A672-9F9AD8874835}.Debug|x86.ActiveCfg = Debug|Any CPU
		{7E8CC864-4C6E-496F-A672-9F9AD8874835}.Debug|x86.Build.0 = Debug|Any CPU
		{7E8CC864-4C6E-496F-A672-9F9AD8874835}.Release|Any CPU.ActiveCfg = Release|Any CPU
		{7E8CC864-4C6E-496F-A672-9F9AD8874835}.Release|Any CPU.Build.0 = Release|Any CPU
		{7E8CC864-4C6E-496F-A672-9F9AD8874835}.Release|x64.ActiveCfg = Release|Any CPU
		{7E8CC864-4C6E-496F-A672-9F9AD8874835}.Release|x64.Build.0 = Release|Any CPU
		{7E8CC864-4C6E-496F-A672-9F9AD8874835}.Release|x86.ActiveCfg = Release|Any CPU
		{7E8CC864-4C6E-496F-A672-9F9AD8874835}.Release|x86.Build.0 = Release|Any CPU
	EndGlobalSection
	GlobalSection(SolutionProperties) = preSolution
		HideSolutionNode = FALSE
	EndGlobalSection
	GlobalSection(NestedProjects) = preSolution
		{BD1C30A8-8FFA-4A92-A9BD-B67B1CDDD84C} = {8CF53B92-5EB1-461D-98F8-70DA9B603FBF}
		{25F66C64-058A-4D44-BC0C-F12A054F9A91} = {C9809D59-6665-471E-AD87-5AC624C65892}
		{7FD0A92B-7862-4BB1-932B-B52A9CACB56B} = {8CF53B92-5EB1-461D-98F8-70DA9B603FBF}
		{FD0AFD44-7A93-4F9E-B5ED-72582392E435} = {C9809D59-6665-471E-AD87-5AC624C65892}
		{6A811927-3C37-430A-90F4-503E37123956} = {8CF53B92-5EB1-461D-98F8-70DA9B603FBF}
		{D7166C56-178A-4457-B56A-C615C7450DEE} = {8CF53B92-5EB1-461D-98F8-70DA9B603FBF}
		{C1E5BBB6-6B6A-4DE5-B19D-0538304DE343} = {8CF53B92-5EB1-461D-98F8-70DA9B603FBF}
		{945871B1-77B8-43FB-B53C-27CF385AB756} = {8CF53B92-5EB1-461D-98F8-70DA9B603FBF}
		{B51126A8-0D75-4A79-867D-10724EC6AC84} = {94207AA6-4923-4183-A558-E0F8196B8CA3}
		{5E75AB7D-6F01-4313-AFF1-7F7128FFD71F} = {8CF53B92-5EB1-461D-98F8-70DA9B603FBF}
		{C9809D59-6665-471E-AD87-5AC624C65892} = {4C6B06C2-6D77-4E0E-AE32-D7050236433A}
		{C0D540F0-9158-4528-BFD8-BEAE6EAE45EA} = {4C6B06C2-6D77-4E0E-AE32-D7050236433A}
		{F7771E22-47BD-45C4-A133-FD7F1DE27CA0} = {C0D540F0-9158-4528-BFD8-BEAE6EAE45EA}
		{27CF800D-890F-4882-BF05-44EC3233537D} = {C0D540F0-9158-4528-BFD8-BEAE6EAE45EA}
		{42184546-E3CB-4D4F-9495-43979B9C63B9} = {C0D540F0-9158-4528-BFD8-BEAE6EAE45EA}
		{EF75E488-1324-4E18-A1BD-D3A05AE67B1F} = {8CF53B92-5EB1-461D-98F8-70DA9B603FBF}
		{7931187E-A1E6-4F89-8BC8-20A1E445579F} = {8CF53B92-5EB1-461D-98F8-70DA9B603FBF}
		{F0A83301-50A5-40EA-A1A2-07C7858F5A3F} = {C9809D59-6665-471E-AD87-5AC624C65892}
		{6B3F75B6-5888-468E-BA4F-4FC725DAEF31} = {C9809D59-6665-471E-AD87-5AC624C65892}
		{79FEF326-CA5E-4698-B2BA-C16A4580B4D5} = {C9809D59-6665-471E-AD87-5AC624C65892}
		{AA003372-CD8D-4DBC-962C-F61E0C93CF05} = {C9809D59-6665-471E-AD87-5AC624C65892}
		{7DA5B308-D950-4496-93D5-21D6C4D91644} = {C9809D59-6665-471E-AD87-5AC624C65892}
		{A4823E14-C0E5-4A4D-B28F-27424C25C3C7} = {94207AA6-4923-4183-A558-E0F8196B8CA3}
	EndGlobalSection
	GlobalSection(ExtensibilityGlobals) = postSolution
		SolutionGuid = {02F2E872-3141-44F5-BD6A-33CD84E9FE08}
	EndGlobalSection
EndGlobal
