
Microsoft Visual Studio Solution File, Format Version 12.00
# Visual Studio 14
VisualStudioVersion = 14.0.25420.1
MinimumVisualStudioVersion = 10.0.40219.1
Project("{2150E333-8FDC-42A3-9474-1A3956D46DE8}") = "src", "src", "{24A3171D-2905-49C9-8A49-A473799014E8}"
EndProject
Project("{2150E333-8FDC-42A3-9474-1A3956D46DE8}") = "Solution Items", "Solution Items", "{4B5539DB-F68E-4DBA-B22A-72B9FE7FE2D8}"
	ProjectSection(SolutionItems) = preProject
		global.json = global.json
	EndProjectSection
EndProject
Project("{8BB2217D-0F2D-49D1-97BC-3654ED321F3B}") = "Squidex", "src\Squidex\Squidex.xproj", "{61F6BBCE-A080-4400-B194-70E2F5D2096E}"
EndProject
Project("{2150E333-8FDC-42A3-9474-1A3956D46DE8}") = "squidex_infrastructure", "squidex_infrastructure", "{8CF53B92-5EB1-461D-98F8-70DA9B603FBF}"
EndProject
Project("{2150E333-8FDC-42A3-9474-1A3956D46DE8}") = "squidex_domain", "squidex_domain", "{4C6B06C2-6D77-4E0E-AE32-D7050236433A}"
EndProject
Project("{8BB2217D-0F2D-49D1-97BC-3654ED321F3B}") = "Squidex.Core", "src\Squidex.Core\Squidex.Core.xproj", "{47F3C27E-698B-4EDF-A7E8-D7F4232AFBB0}"
EndProject
Project("{8BB2217D-0F2D-49D1-97BC-3654ED321F3B}") = "Squidex.Infrastructure", "src\Squidex.Infrastructure\Squidex.Infrastructure.xproj", "{BD1C30A8-8FFA-4A92-A9BD-B67B1CDDD84C}"
EndProject
Project("{8BB2217D-0F2D-49D1-97BC-3654ED321F3B}") = "Squidex.Events", "src\Squidex.Events\Squidex.Events.xproj", "{25F66C64-058A-4D44-BC0C-F12A054F9A91}"
EndProject
Project("{8BB2217D-0F2D-49D1-97BC-3654ED321F3B}") = "Squidex.Write", "src\Squidex.Write\Squidex.Write.xproj", "{A85201C6-6AF8-4B63-8365-08F741050438}"
EndProject
Project("{8BB2217D-0F2D-49D1-97BC-3654ED321F3B}") = "Squidex.Read", "src\Squidex.Read\Squidex.Read.xproj", "{A92B4734-2587-4F6F-97A3-741BE48709A5}"
EndProject
Project("{8BB2217D-0F2D-49D1-97BC-3654ED321F3B}") = "Squidex.Store.MongoDb", "src\Squidex.Store.MongoDb\Squidex.Store.MongoDb.xproj", "{28F8E9E2-FE24-41F7-A888-9FC244A9E2DD}"
EndProject
Project("{2150E333-8FDC-42A3-9474-1A3956D46DE8}") = "squidex_store", "squidex_store", "{4082AA58-D410-4C52-8E88-3B0A4E860B28}"
EndProject
Project("{8BB2217D-0F2D-49D1-97BC-3654ED321F3B}") = "Squidex.Write.Tests", "tests\Squidex.Write.Tests\Squidex.Write.Tests.xproj", "{9A3DEA7E-1681-4D48-AC5C-1F0DE421A203}"
EndProject
Project("{8BB2217D-0F2D-49D1-97BC-3654ED321F3B}") = "Squidex.Infrastructure.Tests", "tests\Squidex.Infrastructure.Tests\Squidex.Infrastructure.Tests.xproj", "{7FD0A92B-7862-4BB1-932B-B52A9CACB56B}"
EndProject
Project("{8BB2217D-0F2D-49D1-97BC-3654ED321F3B}") = "Squidex.Core.Tests", "tests\Squidex.Core.Tests\Squidex.Core.Tests.xproj", "{FD0AFD44-7A93-4F9E-B5ED-72582392E435}"
EndProject
Project("{8BB2217D-0F2D-49D1-97BC-3654ED321F3B}") = "Squidex.Infrastructure.MongoDb", "src\Squidex.Infrastructure.MongoDb\Squidex.Infrastructure.MongoDb.xproj", "{6A811927-3C37-430A-90F4-503E37123956}"
EndProject
Project("{8BB2217D-0F2D-49D1-97BC-3654ED321F3B}") = "Squidex.Infrastructure.RabbitMq", "src\Squidex.Infrastructure.RabbitMq\Squidex.Infrastructure.RabbitMq.xproj", "{3C9BA12D-F5F2-4355-8D30-8289E4D0752D}"
EndProject
Global
	GlobalSection(SolutionConfigurationPlatforms) = preSolution
		Debug|Any CPU = Debug|Any CPU
		Release|Any CPU = Release|Any CPU
	EndGlobalSection
	GlobalSection(ProjectConfigurationPlatforms) = postSolution
		{61F6BBCE-A080-4400-B194-70E2F5D2096E}.Debug|Any CPU.ActiveCfg = Debug|Any CPU
		{61F6BBCE-A080-4400-B194-70E2F5D2096E}.Debug|Any CPU.Build.0 = Debug|Any CPU
		{61F6BBCE-A080-4400-B194-70E2F5D2096E}.Release|Any CPU.ActiveCfg = Release|Any CPU
		{61F6BBCE-A080-4400-B194-70E2F5D2096E}.Release|Any CPU.Build.0 = Release|Any CPU
		{47F3C27E-698B-4EDF-A7E8-D7F4232AFBB0}.Debug|Any CPU.ActiveCfg = Debug|Any CPU
		{47F3C27E-698B-4EDF-A7E8-D7F4232AFBB0}.Debug|Any CPU.Build.0 = Debug|Any CPU
		{47F3C27E-698B-4EDF-A7E8-D7F4232AFBB0}.Release|Any CPU.ActiveCfg = Release|Any CPU
		{47F3C27E-698B-4EDF-A7E8-D7F4232AFBB0}.Release|Any CPU.Build.0 = Release|Any CPU
		{BD1C30A8-8FFA-4A92-A9BD-B67B1CDDD84C}.Debug|Any CPU.ActiveCfg = Debug|Any CPU
		{BD1C30A8-8FFA-4A92-A9BD-B67B1CDDD84C}.Debug|Any CPU.Build.0 = Debug|Any CPU
		{BD1C30A8-8FFA-4A92-A9BD-B67B1CDDD84C}.Release|Any CPU.ActiveCfg = Release|Any CPU
		{BD1C30A8-8FFA-4A92-A9BD-B67B1CDDD84C}.Release|Any CPU.Build.0 = Release|Any CPU
		{25F66C64-058A-4D44-BC0C-F12A054F9A91}.Debug|Any CPU.ActiveCfg = Debug|Any CPU
		{25F66C64-058A-4D44-BC0C-F12A054F9A91}.Debug|Any CPU.Build.0 = Debug|Any CPU
		{25F66C64-058A-4D44-BC0C-F12A054F9A91}.Release|Any CPU.ActiveCfg = Release|Any CPU
		{25F66C64-058A-4D44-BC0C-F12A054F9A91}.Release|Any CPU.Build.0 = Release|Any CPU
		{A85201C6-6AF8-4B63-8365-08F741050438}.Debug|Any CPU.ActiveCfg = Debug|Any CPU
		{A85201C6-6AF8-4B63-8365-08F741050438}.Debug|Any CPU.Build.0 = Debug|Any CPU
		{A85201C6-6AF8-4B63-8365-08F741050438}.Release|Any CPU.ActiveCfg = Release|Any CPU
		{A85201C6-6AF8-4B63-8365-08F741050438}.Release|Any CPU.Build.0 = Release|Any CPU
		{A92B4734-2587-4F6F-97A3-741BE48709A5}.Debug|Any CPU.ActiveCfg = Debug|Any CPU
		{A92B4734-2587-4F6F-97A3-741BE48709A5}.Debug|Any CPU.Build.0 = Debug|Any CPU
		{A92B4734-2587-4F6F-97A3-741BE48709A5}.Release|Any CPU.ActiveCfg = Release|Any CPU
		{A92B4734-2587-4F6F-97A3-741BE48709A5}.Release|Any CPU.Build.0 = Release|Any CPU
		{28F8E9E2-FE24-41F7-A888-9FC244A9E2DD}.Debug|Any CPU.ActiveCfg = Debug|Any CPU
		{28F8E9E2-FE24-41F7-A888-9FC244A9E2DD}.Debug|Any CPU.Build.0 = Debug|Any CPU
		{28F8E9E2-FE24-41F7-A888-9FC244A9E2DD}.Release|Any CPU.ActiveCfg = Release|Any CPU
		{28F8E9E2-FE24-41F7-A888-9FC244A9E2DD}.Release|Any CPU.Build.0 = Release|Any CPU
		{9A3DEA7E-1681-4D48-AC5C-1F0DE421A203}.Debug|Any CPU.ActiveCfg = Debug|Any CPU
		{9A3DEA7E-1681-4D48-AC5C-1F0DE421A203}.Debug|Any CPU.Build.0 = Debug|Any CPU
		{9A3DEA7E-1681-4D48-AC5C-1F0DE421A203}.Release|Any CPU.ActiveCfg = Release|Any CPU
		{9A3DEA7E-1681-4D48-AC5C-1F0DE421A203}.Release|Any CPU.Build.0 = Release|Any CPU
		{7FD0A92B-7862-4BB1-932B-B52A9CACB56B}.Debug|Any CPU.ActiveCfg = Debug|Any CPU
		{7FD0A92B-7862-4BB1-932B-B52A9CACB56B}.Debug|Any CPU.Build.0 = Debug|Any CPU
		{7FD0A92B-7862-4BB1-932B-B52A9CACB56B}.Release|Any CPU.ActiveCfg = Release|Any CPU
		{7FD0A92B-7862-4BB1-932B-B52A9CACB56B}.Release|Any CPU.Build.0 = Release|Any CPU
		{FD0AFD44-7A93-4F9E-B5ED-72582392E435}.Debug|Any CPU.ActiveCfg = Debug|Any CPU
		{FD0AFD44-7A93-4F9E-B5ED-72582392E435}.Debug|Any CPU.Build.0 = Debug|Any CPU
		{FD0AFD44-7A93-4F9E-B5ED-72582392E435}.Release|Any CPU.ActiveCfg = Release|Any CPU
		{FD0AFD44-7A93-4F9E-B5ED-72582392E435}.Release|Any CPU.Build.0 = Release|Any CPU
		{6A811927-3C37-430A-90F4-503E37123956}.Debug|Any CPU.ActiveCfg = Debug|Any CPU
		{6A811927-3C37-430A-90F4-503E37123956}.Debug|Any CPU.Build.0 = Debug|Any CPU
		{6A811927-3C37-430A-90F4-503E37123956}.Release|Any CPU.ActiveCfg = Release|Any CPU
		{6A811927-3C37-430A-90F4-503E37123956}.Release|Any CPU.Build.0 = Release|Any CPU
		{3C9BA12D-F5F2-4355-8D30-8289E4D0752D}.Debug|Any CPU.ActiveCfg = Debug|Any CPU
		{3C9BA12D-F5F2-4355-8D30-8289E4D0752D}.Debug|Any CPU.Build.0 = Debug|Any CPU
		{3C9BA12D-F5F2-4355-8D30-8289E4D0752D}.Release|Any CPU.ActiveCfg = Release|Any CPU
		{3C9BA12D-F5F2-4355-8D30-8289E4D0752D}.Release|Any CPU.Build.0 = Release|Any CPU
	EndGlobalSection
	GlobalSection(SolutionProperties) = preSolution
		HideSolutionNode = FALSE
	EndGlobalSection
	GlobalSection(NestedProjects) = preSolution
		{61F6BBCE-A080-4400-B194-70E2F5D2096E} = {24A3171D-2905-49C9-8A49-A473799014E8}
		{47F3C27E-698B-4EDF-A7E8-D7F4232AFBB0} = {4C6B06C2-6D77-4E0E-AE32-D7050236433A}
		{BD1C30A8-8FFA-4A92-A9BD-B67B1CDDD84C} = {8CF53B92-5EB1-461D-98F8-70DA9B603FBF}
		{25F66C64-058A-4D44-BC0C-F12A054F9A91} = {4C6B06C2-6D77-4E0E-AE32-D7050236433A}
		{A85201C6-6AF8-4B63-8365-08F741050438} = {4C6B06C2-6D77-4E0E-AE32-D7050236433A}
		{A92B4734-2587-4F6F-97A3-741BE48709A5} = {4C6B06C2-6D77-4E0E-AE32-D7050236433A}
		{28F8E9E2-FE24-41F7-A888-9FC244A9E2DD} = {4082AA58-D410-4C52-8E88-3B0A4E860B28}
		{9A3DEA7E-1681-4D48-AC5C-1F0DE421A203} = {4C6B06C2-6D77-4E0E-AE32-D7050236433A}
		{7FD0A92B-7862-4BB1-932B-B52A9CACB56B} = {8CF53B92-5EB1-461D-98F8-70DA9B603FBF}
		{FD0AFD44-7A93-4F9E-B5ED-72582392E435} = {4C6B06C2-6D77-4E0E-AE32-D7050236433A}
		{6A811927-3C37-430A-90F4-503E37123956} = {8CF53B92-5EB1-461D-98F8-70DA9B603FBF}
		{3C9BA12D-F5F2-4355-8D30-8289E4D0752D} = {8CF53B92-5EB1-461D-98F8-70DA9B603FBF}
	EndGlobalSection
EndGlobal
