Microsoft Visual Studio Solution File, Format Version 12.00
# Visual Studio Version 16
VisualStudioVersion = 16.0.29123.88
MinimumVisualStudioVersion = 10.0.40219.1
Project("{9A19103F-16F7-4668-BE54-9A1E7A4F7556}") = "Squidex", "src\Squidex\Squidex.csproj", "{61F6BBCE-A080-4400-B194-70E2F5D2096E}"
EndProject
Project("{2150E333-8FDC-42A3-9474-1A3956D46DE8}") = "infrastructure", "infrastructure", "{8CF53B92-5EB1-461D-98F8-70DA9B603FBF}"
EndProject
Project("{2150E333-8FDC-42A3-9474-1A3956D46DE8}") = "domain", "domain", "{4C6B06C2-6D77-4E0E-AE32-D7050236433A}"
EndProject
Project("{9A19103F-16F7-4668-BE54-9A1E7A4F7556}") = "Squidex.Infrastructure", "src\Squidex.Infrastructure\Squidex.Infrastructure.csproj", "{BD1C30A8-8FFA-4A92-A9BD-B67B1CDDD84C}"
EndProject
Project("{9A19103F-16F7-4668-BE54-9A1E7A4F7556}") = "Squidex.Domain.Apps.Events", "src\Squidex.Domain.Apps.Events\Squidex.Domain.Apps.Events.csproj", "{25F66C64-058A-4D44-BC0C-F12A054F9A91}"
EndProject
Project("{9A19103F-16F7-4668-BE54-9A1E7A4F7556}") = "Squidex.Infrastructure.Tests", "tests\Squidex.Infrastructure.Tests\Squidex.Infrastructure.Tests.csproj", "{7FD0A92B-7862-4BB1-932B-B52A9CACB56B}"
EndProject
Project("{9A19103F-16F7-4668-BE54-9A1E7A4F7556}") = "Squidex.Domain.Apps.Core.Tests", "tests\Squidex.Domain.Apps.Core.Tests\Squidex.Domain.Apps.Core.Tests.csproj", "{FD0AFD44-7A93-4F9E-B5ED-72582392E435}"
EndProject
Project("{9A19103F-16F7-4668-BE54-9A1E7A4F7556}") = "Squidex.Infrastructure.MongoDb", "src\Squidex.Infrastructure.MongoDb\Squidex.Infrastructure.MongoDb.csproj", "{6A811927-3C37-430A-90F4-503E37123956}"
EndProject
Project("{9A19103F-16F7-4668-BE54-9A1E7A4F7556}") = "Squidex.Infrastructure.RabbitMq", "src\Squidex.Infrastructure.RabbitMq\Squidex.Infrastructure.RabbitMq.csproj", "{C1E5BBB6-6B6A-4DE5-B19D-0538304DE343}"
EndProject
Project("{2150E333-8FDC-42A3-9474-1A3956D46DE8}") = "tools", "tools", "{94207AA6-4923-4183-A558-E0F8196B8CA3}"
EndProject
Project("{9A19103F-16F7-4668-BE54-9A1E7A4F7556}") = "Squidex.Shared", "src\Squidex.Shared\Squidex.Shared.csproj", "{5E75AB7D-6F01-4313-AFF1-7F7128FFD71F}"
EndProject
Project("{9A19103F-16F7-4668-BE54-9A1E7A4F7556}") = "Squidex.Domain.Users", "src\Squidex.Domain.Users\Squidex.Domain.Users.csproj", "{F7771E22-47BD-45C4-A133-FD7F1DE27CA0}"
EndProject
Project("{9A19103F-16F7-4668-BE54-9A1E7A4F7556}") = "Squidex.Domain.Users.MongoDb", "src\Squidex.Domain.Users.MongoDb\Squidex.Domain.Users.MongoDb.csproj", "{27CF800D-890F-4882-BF05-44EC3233537D}"
EndProject
Project("{9A19103F-16F7-4668-BE54-9A1E7A4F7556}") = "Squidex.Domain.Users.Tests", "tests\Squidex.Domain.Users.Tests\Squidex.Domain.Users.Tests.csproj", "{42184546-E3CB-4D4F-9495-43979B9C63B9}"
EndProject
Project("{2150E333-8FDC-42A3-9474-1A3956D46DE8}") = "Solution Items", "Solution Items", "{360C300D-0F7E-439D-A437-714C959E3CAD}"
	ProjectSection(SolutionItems) = preProject
		Squidex.ruleset = Squidex.ruleset
		stylecop.json = stylecop.json
	EndProjectSection
EndProject
Project("{9A19103F-16F7-4668-BE54-9A1E7A4F7556}") = "Squidex.Domain.Apps.Core.Model", "src\Squidex.Domain.Apps.Core.Model\Squidex.Domain.Apps.Core.Model.csproj", "{F0A83301-50A5-40EA-A1A2-07C7858F5A3F}"
EndProject
Project("{9A19103F-16F7-4668-BE54-9A1E7A4F7556}") = "Squidex.Domain.Apps.Core.Operations", "src\Squidex.Domain.Apps.Core.Operations\Squidex.Domain.Apps.Core.Operations.csproj", "{6B3F75B6-5888-468E-BA4F-4FC725DAEF31}"
EndProject
Project("{9A19103F-16F7-4668-BE54-9A1E7A4F7556}") = "Squidex.Domain.Apps.Entities", "src\Squidex.Domain.Apps.Entities\Squidex.Domain.Apps.Entities.csproj", "{79FEF326-CA5E-4698-B2BA-C16A4580B4D5}"
EndProject
Project("{9A19103F-16F7-4668-BE54-9A1E7A4F7556}") = "Squidex.Domain.Apps.Entities.Tests", "tests\Squidex.Domain.Apps.Entities.Tests\Squidex.Domain.Apps.Entities.Tests.csproj", "{AA003372-CD8D-4DBC-962C-F61E0C93CF05}"
EndProject
Project("{9A19103F-16F7-4668-BE54-9A1E7A4F7556}") = "Squidex.Domain.Apps.Entities.MongoDb", "src\Squidex.Domain.Apps.Entities.MongoDb\Squidex.Domain.Apps.Entities.MongoDb.csproj", "{7DA5B308-D950-4496-93D5-21D6C4D91644}"
EndProject
Project("{9A19103F-16F7-4668-BE54-9A1E7A4F7556}") = "Squidex.Web.Tests", "tests\Squidex.Web.Tests\Squidex.Web.Tests.csproj", "{7E8CC864-4C6E-496F-A672-9F9AD8874835}"
EndProject
Project("{2150E333-8FDC-42A3-9474-1A3956D46DE8}") = "extensions", "extensions", "{FB8BC3A2-2010-4C3C-A87D-D4A98C05EE52}"
EndProject
Project("{9A19103F-16F7-4668-BE54-9A1E7A4F7556}") = "Squidex.Extensions", "extensions\Squidex.Extensions\Squidex.Extensions.csproj", "{F3C41B82-6A67-409A-B7FE-54543EE4F38B}"
EndProject
Project("{2150E333-8FDC-42A3-9474-1A3956D46DE8}") = "shared", "shared", "{7EDE8CF1-B1E4-4005-B154-834B944E0D7A}"
EndProject
Project("{9A19103F-16F7-4668-BE54-9A1E7A4F7556}") = "Squidex.Web", "src\Squidex.Web\Squidex.Web.csproj", "{5B2D251F-46E3-486A-AE16-E3FE06B559ED}"
EndProject
Project("{9A19103F-16F7-4668-BE54-9A1E7A4F7556}") = "Migrations", "src\Migrations\Migrations.csproj", "{23615A39-F3FB-4575-A91C-535899DFB636}"
EndProject
Global
	GlobalSection(SolutionConfigurationPlatforms) = preSolution
		Debug|Any CPU = Debug|Any CPU
		Debug|x64 = Debug|x64
		Debug|x86 = Debug|x86
		Release|Any CPU = Release|Any CPU
		Release|x64 = Release|x64
		Release|x86 = Release|x86
	EndGlobalSection
	GlobalSection(ProjectConfigurationPlatforms) = postSolution
		{61F6BBCE-A080-4400-B194-70E2F5D2096E}.Debug|Any CPU.ActiveCfg = Debug|Any CPU
		{61F6BBCE-A080-4400-B194-70E2F5D2096E}.Debug|Any CPU.Build.0 = Debug|Any CPU
		{61F6BBCE-A080-4400-B194-70E2F5D2096E}.Debug|x64.ActiveCfg = Debug|Any CPU
		{61F6BBCE-A080-4400-B194-70E2F5D2096E}.Debug|x86.ActiveCfg = Debug|Any CPU
		{61F6BBCE-A080-4400-B194-70E2F5D2096E}.Release|Any CPU.ActiveCfg = Release|Any CPU
		{61F6BBCE-A080-4400-B194-70E2F5D2096E}.Release|Any CPU.Build.0 = Release|Any CPU
		{61F6BBCE-A080-4400-B194-70E2F5D2096E}.Release|x64.ActiveCfg = Release|Any CPU
		{61F6BBCE-A080-4400-B194-70E2F5D2096E}.Release|x86.ActiveCfg = Release|Any CPU
		{BD1C30A8-8FFA-4A92-A9BD-B67B1CDDD84C}.Debug|Any CPU.ActiveCfg = Debug|Any CPU
		{BD1C30A8-8FFA-4A92-A9BD-B67B1CDDD84C}.Debug|Any CPU.Build.0 = Debug|Any CPU
		{BD1C30A8-8FFA-4A92-A9BD-B67B1CDDD84C}.Debug|x64.ActiveCfg = Debug|Any CPU
		{BD1C30A8-8FFA-4A92-A9BD-B67B1CDDD84C}.Debug|x86.ActiveCfg = Debug|Any CPU
		{BD1C30A8-8FFA-4A92-A9BD-B67B1CDDD84C}.Release|Any CPU.ActiveCfg = Release|Any CPU
		{BD1C30A8-8FFA-4A92-A9BD-B67B1CDDD84C}.Release|Any CPU.Build.0 = Release|Any CPU
		{BD1C30A8-8FFA-4A92-A9BD-B67B1CDDD84C}.Release|x64.ActiveCfg = Release|Any CPU
		{BD1C30A8-8FFA-4A92-A9BD-B67B1CDDD84C}.Release|x86.ActiveCfg = Release|Any CPU
		{25F66C64-058A-4D44-BC0C-F12A054F9A91}.Debug|Any CPU.ActiveCfg = Debug|Any CPU
		{25F66C64-058A-4D44-BC0C-F12A054F9A91}.Debug|Any CPU.Build.0 = Debug|Any CPU
		{25F66C64-058A-4D44-BC0C-F12A054F9A91}.Debug|x64.ActiveCfg = Debug|Any CPU
		{25F66C64-058A-4D44-BC0C-F12A054F9A91}.Debug|x86.ActiveCfg = Debug|Any CPU
		{25F66C64-058A-4D44-BC0C-F12A054F9A91}.Release|Any CPU.ActiveCfg = Release|Any CPU
		{25F66C64-058A-4D44-BC0C-F12A054F9A91}.Release|Any CPU.Build.0 = Release|Any CPU
		{25F66C64-058A-4D44-BC0C-F12A054F9A91}.Release|x64.ActiveCfg = Release|Any CPU
		{25F66C64-058A-4D44-BC0C-F12A054F9A91}.Release|x86.ActiveCfg = Release|Any CPU
		{7FD0A92B-7862-4BB1-932B-B52A9CACB56B}.Debug|Any CPU.ActiveCfg = Debug|Any CPU
		{7FD0A92B-7862-4BB1-932B-B52A9CACB56B}.Debug|Any CPU.Build.0 = Debug|Any CPU
		{7FD0A92B-7862-4BB1-932B-B52A9CACB56B}.Debug|x64.ActiveCfg = Debug|Any CPU
		{7FD0A92B-7862-4BB1-932B-B52A9CACB56B}.Debug|x86.ActiveCfg = Debug|Any CPU
		{7FD0A92B-7862-4BB1-932B-B52A9CACB56B}.Release|Any CPU.ActiveCfg = Release|Any CPU
		{7FD0A92B-7862-4BB1-932B-B52A9CACB56B}.Release|Any CPU.Build.0 = Release|Any CPU
		{7FD0A92B-7862-4BB1-932B-B52A9CACB56B}.Release|x64.ActiveCfg = Release|Any CPU
		{7FD0A92B-7862-4BB1-932B-B52A9CACB56B}.Release|x86.ActiveCfg = Release|Any CPU
		{FD0AFD44-7A93-4F9E-B5ED-72582392E435}.Debug|Any CPU.ActiveCfg = Debug|Any CPU
		{FD0AFD44-7A93-4F9E-B5ED-72582392E435}.Debug|Any CPU.Build.0 = Debug|Any CPU
		{FD0AFD44-7A93-4F9E-B5ED-72582392E435}.Debug|x64.ActiveCfg = Debug|Any CPU
		{FD0AFD44-7A93-4F9E-B5ED-72582392E435}.Debug|x86.ActiveCfg = Debug|Any CPU
		{FD0AFD44-7A93-4F9E-B5ED-72582392E435}.Release|Any CPU.ActiveCfg = Release|Any CPU
		{FD0AFD44-7A93-4F9E-B5ED-72582392E435}.Release|Any CPU.Build.0 = Release|Any CPU
		{FD0AFD44-7A93-4F9E-B5ED-72582392E435}.Release|x64.ActiveCfg = Release|Any CPU
		{FD0AFD44-7A93-4F9E-B5ED-72582392E435}.Release|x86.ActiveCfg = Release|Any CPU
		{6A811927-3C37-430A-90F4-503E37123956}.Debug|Any CPU.ActiveCfg = Debug|Any CPU
		{6A811927-3C37-430A-90F4-503E37123956}.Debug|Any CPU.Build.0 = Debug|Any CPU
		{6A811927-3C37-430A-90F4-503E37123956}.Debug|x64.ActiveCfg = Debug|Any CPU
		{6A811927-3C37-430A-90F4-503E37123956}.Debug|x86.ActiveCfg = Debug|Any CPU
		{6A811927-3C37-430A-90F4-503E37123956}.Release|Any CPU.ActiveCfg = Release|Any CPU
		{6A811927-3C37-430A-90F4-503E37123956}.Release|Any CPU.Build.0 = Release|Any CPU
		{6A811927-3C37-430A-90F4-503E37123956}.Release|x64.ActiveCfg = Release|Any CPU
		{6A811927-3C37-430A-90F4-503E37123956}.Release|x86.ActiveCfg = Release|Any CPU
		{C1E5BBB6-6B6A-4DE5-B19D-0538304DE343}.Debug|Any CPU.ActiveCfg = Debug|Any CPU
		{C1E5BBB6-6B6A-4DE5-B19D-0538304DE343}.Debug|Any CPU.Build.0 = Debug|Any CPU
		{C1E5BBB6-6B6A-4DE5-B19D-0538304DE343}.Debug|x64.ActiveCfg = Debug|Any CPU
		{C1E5BBB6-6B6A-4DE5-B19D-0538304DE343}.Debug|x64.Build.0 = Debug|Any CPU
		{C1E5BBB6-6B6A-4DE5-B19D-0538304DE343}.Debug|x86.ActiveCfg = Debug|Any CPU
		{C1E5BBB6-6B6A-4DE5-B19D-0538304DE343}.Debug|x86.Build.0 = Debug|Any CPU
		{C1E5BBB6-6B6A-4DE5-B19D-0538304DE343}.Release|Any CPU.ActiveCfg = Release|Any CPU
		{C1E5BBB6-6B6A-4DE5-B19D-0538304DE343}.Release|Any CPU.Build.0 = Release|Any CPU
		{C1E5BBB6-6B6A-4DE5-B19D-0538304DE343}.Release|x64.ActiveCfg = Release|Any CPU
		{C1E5BBB6-6B6A-4DE5-B19D-0538304DE343}.Release|x64.Build.0 = Release|Any CPU
		{C1E5BBB6-6B6A-4DE5-B19D-0538304DE343}.Release|x86.ActiveCfg = Release|Any CPU
		{C1E5BBB6-6B6A-4DE5-B19D-0538304DE343}.Release|x86.Build.0 = Release|Any CPU
		{5E75AB7D-6F01-4313-AFF1-7F7128FFD71F}.Debug|Any CPU.ActiveCfg = Debug|Any CPU
		{5E75AB7D-6F01-4313-AFF1-7F7128FFD71F}.Debug|Any CPU.Build.0 = Debug|Any CPU
		{5E75AB7D-6F01-4313-AFF1-7F7128FFD71F}.Debug|x64.ActiveCfg = Debug|Any CPU
		{5E75AB7D-6F01-4313-AFF1-7F7128FFD71F}.Debug|x64.Build.0 = Debug|Any CPU
		{5E75AB7D-6F01-4313-AFF1-7F7128FFD71F}.Debug|x86.ActiveCfg = Debug|Any CPU
		{5E75AB7D-6F01-4313-AFF1-7F7128FFD71F}.Debug|x86.Build.0 = Debug|Any CPU
		{5E75AB7D-6F01-4313-AFF1-7F7128FFD71F}.Release|Any CPU.ActiveCfg = Release|Any CPU
		{5E75AB7D-6F01-4313-AFF1-7F7128FFD71F}.Release|Any CPU.Build.0 = Release|Any CPU
		{5E75AB7D-6F01-4313-AFF1-7F7128FFD71F}.Release|x64.ActiveCfg = Release|Any CPU
		{5E75AB7D-6F01-4313-AFF1-7F7128FFD71F}.Release|x64.Build.0 = Release|Any CPU
		{5E75AB7D-6F01-4313-AFF1-7F7128FFD71F}.Release|x86.ActiveCfg = Release|Any CPU
		{5E75AB7D-6F01-4313-AFF1-7F7128FFD71F}.Release|x86.Build.0 = Release|Any CPU
		{F7771E22-47BD-45C4-A133-FD7F1DE27CA0}.Debug|Any CPU.ActiveCfg = Debug|Any CPU
		{F7771E22-47BD-45C4-A133-FD7F1DE27CA0}.Debug|Any CPU.Build.0 = Debug|Any CPU
		{F7771E22-47BD-45C4-A133-FD7F1DE27CA0}.Debug|x64.ActiveCfg = Debug|Any CPU
		{F7771E22-47BD-45C4-A133-FD7F1DE27CA0}.Debug|x64.Build.0 = Debug|Any CPU
		{F7771E22-47BD-45C4-A133-FD7F1DE27CA0}.Debug|x86.ActiveCfg = Debug|Any CPU
		{F7771E22-47BD-45C4-A133-FD7F1DE27CA0}.Debug|x86.Build.0 = Debug|Any CPU
		{F7771E22-47BD-45C4-A133-FD7F1DE27CA0}.Release|Any CPU.ActiveCfg = Release|Any CPU
		{F7771E22-47BD-45C4-A133-FD7F1DE27CA0}.Release|Any CPU.Build.0 = Release|Any CPU
		{F7771E22-47BD-45C4-A133-FD7F1DE27CA0}.Release|x64.ActiveCfg = Release|Any CPU
		{F7771E22-47BD-45C4-A133-FD7F1DE27CA0}.Release|x64.Build.0 = Release|Any CPU
		{F7771E22-47BD-45C4-A133-FD7F1DE27CA0}.Release|x86.ActiveCfg = Release|Any CPU
		{F7771E22-47BD-45C4-A133-FD7F1DE27CA0}.Release|x86.Build.0 = Release|Any CPU
		{27CF800D-890F-4882-BF05-44EC3233537D}.Debug|Any CPU.ActiveCfg = Debug|Any CPU
		{27CF800D-890F-4882-BF05-44EC3233537D}.Debug|Any CPU.Build.0 = Debug|Any CPU
		{27CF800D-890F-4882-BF05-44EC3233537D}.Debug|x64.ActiveCfg = Debug|Any CPU
		{27CF800D-890F-4882-BF05-44EC3233537D}.Debug|x64.Build.0 = Debug|Any CPU
		{27CF800D-890F-4882-BF05-44EC3233537D}.Debug|x86.ActiveCfg = Debug|Any CPU
		{27CF800D-890F-4882-BF05-44EC3233537D}.Debug|x86.Build.0 = Debug|Any CPU
		{27CF800D-890F-4882-BF05-44EC3233537D}.Release|Any CPU.ActiveCfg = Release|Any CPU
		{27CF800D-890F-4882-BF05-44EC3233537D}.Release|Any CPU.Build.0 = Release|Any CPU
		{27CF800D-890F-4882-BF05-44EC3233537D}.Release|x64.ActiveCfg = Release|Any CPU
		{27CF800D-890F-4882-BF05-44EC3233537D}.Release|x64.Build.0 = Release|Any CPU
		{27CF800D-890F-4882-BF05-44EC3233537D}.Release|x86.ActiveCfg = Release|Any CPU
		{27CF800D-890F-4882-BF05-44EC3233537D}.Release|x86.Build.0 = Release|Any CPU
		{42184546-E3CB-4D4F-9495-43979B9C63B9}.Debug|Any CPU.ActiveCfg = Debug|Any CPU
		{42184546-E3CB-4D4F-9495-43979B9C63B9}.Debug|Any CPU.Build.0 = Debug|Any CPU
		{42184546-E3CB-4D4F-9495-43979B9C63B9}.Debug|x64.ActiveCfg = Debug|Any CPU
		{42184546-E3CB-4D4F-9495-43979B9C63B9}.Debug|x64.Build.0 = Debug|Any CPU
		{42184546-E3CB-4D4F-9495-43979B9C63B9}.Debug|x86.ActiveCfg = Debug|Any CPU
		{42184546-E3CB-4D4F-9495-43979B9C63B9}.Debug|x86.Build.0 = Debug|Any CPU
		{42184546-E3CB-4D4F-9495-43979B9C63B9}.Release|Any CPU.ActiveCfg = Release|Any CPU
		{42184546-E3CB-4D4F-9495-43979B9C63B9}.Release|Any CPU.Build.0 = Release|Any CPU
		{42184546-E3CB-4D4F-9495-43979B9C63B9}.Release|x64.ActiveCfg = Release|Any CPU
		{42184546-E3CB-4D4F-9495-43979B9C63B9}.Release|x64.Build.0 = Release|Any CPU
		{42184546-E3CB-4D4F-9495-43979B9C63B9}.Release|x86.ActiveCfg = Release|Any CPU
		{42184546-E3CB-4D4F-9495-43979B9C63B9}.Release|x86.Build.0 = Release|Any CPU
		{F0A83301-50A5-40EA-A1A2-07C7858F5A3F}.Debug|Any CPU.ActiveCfg = Debug|Any CPU
		{F0A83301-50A5-40EA-A1A2-07C7858F5A3F}.Debug|Any CPU.Build.0 = Debug|Any CPU
		{F0A83301-50A5-40EA-A1A2-07C7858F5A3F}.Debug|x64.ActiveCfg = Debug|Any CPU
		{F0A83301-50A5-40EA-A1A2-07C7858F5A3F}.Debug|x64.Build.0 = Debug|Any CPU
		{F0A83301-50A5-40EA-A1A2-07C7858F5A3F}.Debug|x86.ActiveCfg = Debug|Any CPU
		{F0A83301-50A5-40EA-A1A2-07C7858F5A3F}.Debug|x86.Build.0 = Debug|Any CPU
		{F0A83301-50A5-40EA-A1A2-07C7858F5A3F}.Release|Any CPU.ActiveCfg = Release|Any CPU
		{F0A83301-50A5-40EA-A1A2-07C7858F5A3F}.Release|Any CPU.Build.0 = Release|Any CPU
		{F0A83301-50A5-40EA-A1A2-07C7858F5A3F}.Release|x64.ActiveCfg = Release|Any CPU
		{F0A83301-50A5-40EA-A1A2-07C7858F5A3F}.Release|x64.Build.0 = Release|Any CPU
		{F0A83301-50A5-40EA-A1A2-07C7858F5A3F}.Release|x86.ActiveCfg = Release|Any CPU
		{F0A83301-50A5-40EA-A1A2-07C7858F5A3F}.Release|x86.Build.0 = Release|Any CPU
		{6B3F75B6-5888-468E-BA4F-4FC725DAEF31}.Debug|Any CPU.ActiveCfg = Debug|Any CPU
		{6B3F75B6-5888-468E-BA4F-4FC725DAEF31}.Debug|Any CPU.Build.0 = Debug|Any CPU
		{6B3F75B6-5888-468E-BA4F-4FC725DAEF31}.Debug|x64.ActiveCfg = Debug|Any CPU
		{6B3F75B6-5888-468E-BA4F-4FC725DAEF31}.Debug|x64.Build.0 = Debug|Any CPU
		{6B3F75B6-5888-468E-BA4F-4FC725DAEF31}.Debug|x86.ActiveCfg = Debug|Any CPU
		{6B3F75B6-5888-468E-BA4F-4FC725DAEF31}.Debug|x86.Build.0 = Debug|Any CPU
		{6B3F75B6-5888-468E-BA4F-4FC725DAEF31}.Release|Any CPU.ActiveCfg = Release|Any CPU
		{6B3F75B6-5888-468E-BA4F-4FC725DAEF31}.Release|Any CPU.Build.0 = Release|Any CPU
		{6B3F75B6-5888-468E-BA4F-4FC725DAEF31}.Release|x64.ActiveCfg = Release|Any CPU
		{6B3F75B6-5888-468E-BA4F-4FC725DAEF31}.Release|x64.Build.0 = Release|Any CPU
		{6B3F75B6-5888-468E-BA4F-4FC725DAEF31}.Release|x86.ActiveCfg = Release|Any CPU
		{6B3F75B6-5888-468E-BA4F-4FC725DAEF31}.Release|x86.Build.0 = Release|Any CPU
		{79FEF326-CA5E-4698-B2BA-C16A4580B4D5}.Debug|Any CPU.ActiveCfg = Debug|Any CPU
		{79FEF326-CA5E-4698-B2BA-C16A4580B4D5}.Debug|Any CPU.Build.0 = Debug|Any CPU
		{79FEF326-CA5E-4698-B2BA-C16A4580B4D5}.Debug|x64.ActiveCfg = Debug|Any CPU
		{79FEF326-CA5E-4698-B2BA-C16A4580B4D5}.Debug|x64.Build.0 = Debug|Any CPU
		{79FEF326-CA5E-4698-B2BA-C16A4580B4D5}.Debug|x86.ActiveCfg = Debug|Any CPU
		{79FEF326-CA5E-4698-B2BA-C16A4580B4D5}.Debug|x86.Build.0 = Debug|Any CPU
		{79FEF326-CA5E-4698-B2BA-C16A4580B4D5}.Release|Any CPU.ActiveCfg = Release|Any CPU
		{79FEF326-CA5E-4698-B2BA-C16A4580B4D5}.Release|Any CPU.Build.0 = Release|Any CPU
		{79FEF326-CA5E-4698-B2BA-C16A4580B4D5}.Release|x64.ActiveCfg = Release|Any CPU
		{79FEF326-CA5E-4698-B2BA-C16A4580B4D5}.Release|x64.Build.0 = Release|Any CPU
		{79FEF326-CA5E-4698-B2BA-C16A4580B4D5}.Release|x86.ActiveCfg = Release|Any CPU
		{79FEF326-CA5E-4698-B2BA-C16A4580B4D5}.Release|x86.Build.0 = Release|Any CPU
		{AA003372-CD8D-4DBC-962C-F61E0C93CF05}.Debug|Any CPU.ActiveCfg = Debug|Any CPU
		{AA003372-CD8D-4DBC-962C-F61E0C93CF05}.Debug|Any CPU.Build.0 = Debug|Any CPU
		{AA003372-CD8D-4DBC-962C-F61E0C93CF05}.Debug|x64.ActiveCfg = Debug|Any CPU
		{AA003372-CD8D-4DBC-962C-F61E0C93CF05}.Debug|x64.Build.0 = Debug|Any CPU
		{AA003372-CD8D-4DBC-962C-F61E0C93CF05}.Debug|x86.ActiveCfg = Debug|Any CPU
		{AA003372-CD8D-4DBC-962C-F61E0C93CF05}.Debug|x86.Build.0 = Debug|Any CPU
		{AA003372-CD8D-4DBC-962C-F61E0C93CF05}.Release|Any CPU.ActiveCfg = Release|Any CPU
		{AA003372-CD8D-4DBC-962C-F61E0C93CF05}.Release|Any CPU.Build.0 = Release|Any CPU
		{AA003372-CD8D-4DBC-962C-F61E0C93CF05}.Release|x64.ActiveCfg = Release|Any CPU
		{AA003372-CD8D-4DBC-962C-F61E0C93CF05}.Release|x64.Build.0 = Release|Any CPU
		{AA003372-CD8D-4DBC-962C-F61E0C93CF05}.Release|x86.ActiveCfg = Release|Any CPU
		{AA003372-CD8D-4DBC-962C-F61E0C93CF05}.Release|x86.Build.0 = Release|Any CPU
		{7DA5B308-D950-4496-93D5-21D6C4D91644}.Debug|Any CPU.ActiveCfg = Debug|Any CPU
		{7DA5B308-D950-4496-93D5-21D6C4D91644}.Debug|Any CPU.Build.0 = Debug|Any CPU
		{7DA5B308-D950-4496-93D5-21D6C4D91644}.Debug|x64.ActiveCfg = Debug|Any CPU
		{7DA5B308-D950-4496-93D5-21D6C4D91644}.Debug|x64.Build.0 = Debug|Any CPU
		{7DA5B308-D950-4496-93D5-21D6C4D91644}.Debug|x86.ActiveCfg = Debug|Any CPU
		{7DA5B308-D950-4496-93D5-21D6C4D91644}.Debug|x86.Build.0 = Debug|Any CPU
		{7DA5B308-D950-4496-93D5-21D6C4D91644}.Release|Any CPU.ActiveCfg = Release|Any CPU
		{7DA5B308-D950-4496-93D5-21D6C4D91644}.Release|Any CPU.Build.0 = Release|Any CPU
		{7DA5B308-D950-4496-93D5-21D6C4D91644}.Release|x64.ActiveCfg = Release|Any CPU
		{7DA5B308-D950-4496-93D5-21D6C4D91644}.Release|x64.Build.0 = Release|Any CPU
		{7DA5B308-D950-4496-93D5-21D6C4D91644}.Release|x86.ActiveCfg = Release|Any CPU
		{7DA5B308-D950-4496-93D5-21D6C4D91644}.Release|x86.Build.0 = Release|Any CPU
		{7E8CC864-4C6E-496F-A672-9F9AD8874835}.Debug|Any CPU.ActiveCfg = Debug|Any CPU
		{7E8CC864-4C6E-496F-A672-9F9AD8874835}.Debug|Any CPU.Build.0 = Debug|Any CPU
		{7E8CC864-4C6E-496F-A672-9F9AD8874835}.Debug|x64.ActiveCfg = Debug|Any CPU
		{7E8CC864-4C6E-496F-A672-9F9AD8874835}.Debug|x64.Build.0 = Debug|Any CPU
		{7E8CC864-4C6E-496F-A672-9F9AD8874835}.Debug|x86.ActiveCfg = Debug|Any CPU
		{7E8CC864-4C6E-496F-A672-9F9AD8874835}.Debug|x86.Build.0 = Debug|Any CPU
		{7E8CC864-4C6E-496F-A672-9F9AD8874835}.Release|Any CPU.ActiveCfg = Release|Any CPU
		{7E8CC864-4C6E-496F-A672-9F9AD8874835}.Release|Any CPU.Build.0 = Release|Any CPU
		{7E8CC864-4C6E-496F-A672-9F9AD8874835}.Release|x64.ActiveCfg = Release|Any CPU
		{7E8CC864-4C6E-496F-A672-9F9AD8874835}.Release|x64.Build.0 = Release|Any CPU
		{7E8CC864-4C6E-496F-A672-9F9AD8874835}.Release|x86.ActiveCfg = Release|Any CPU
		{7E8CC864-4C6E-496F-A672-9F9AD8874835}.Release|x86.Build.0 = Release|Any CPU
		{F3C41B82-6A67-409A-B7FE-54543EE4F38B}.Debug|Any CPU.ActiveCfg = Debug|Any CPU
		{F3C41B82-6A67-409A-B7FE-54543EE4F38B}.Debug|Any CPU.Build.0 = Debug|Any CPU
		{F3C41B82-6A67-409A-B7FE-54543EE4F38B}.Debug|x64.ActiveCfg = Debug|Any CPU
		{F3C41B82-6A67-409A-B7FE-54543EE4F38B}.Debug|x64.Build.0 = Debug|Any CPU
		{F3C41B82-6A67-409A-B7FE-54543EE4F38B}.Debug|x86.ActiveCfg = Debug|Any CPU
		{F3C41B82-6A67-409A-B7FE-54543EE4F38B}.Debug|x86.Build.0 = Debug|Any CPU
		{F3C41B82-6A67-409A-B7FE-54543EE4F38B}.Release|Any CPU.ActiveCfg = Release|Any CPU
		{F3C41B82-6A67-409A-B7FE-54543EE4F38B}.Release|Any CPU.Build.0 = Release|Any CPU
		{F3C41B82-6A67-409A-B7FE-54543EE4F38B}.Release|x64.ActiveCfg = Release|Any CPU
		{F3C41B82-6A67-409A-B7FE-54543EE4F38B}.Release|x64.Build.0 = Release|Any CPU
		{F3C41B82-6A67-409A-B7FE-54543EE4F38B}.Release|x86.ActiveCfg = Release|Any CPU
		{F3C41B82-6A67-409A-B7FE-54543EE4F38B}.Release|x86.Build.0 = Release|Any CPU
		{5B2D251F-46E3-486A-AE16-E3FE06B559ED}.Debug|Any CPU.ActiveCfg = Debug|Any CPU
		{5B2D251F-46E3-486A-AE16-E3FE06B559ED}.Debug|Any CPU.Build.0 = Debug|Any CPU
		{5B2D251F-46E3-486A-AE16-E3FE06B559ED}.Debug|x64.ActiveCfg = Debug|Any CPU
		{5B2D251F-46E3-486A-AE16-E3FE06B559ED}.Debug|x64.Build.0 = Debug|Any CPU
		{5B2D251F-46E3-486A-AE16-E3FE06B559ED}.Debug|x86.ActiveCfg = Debug|Any CPU
		{5B2D251F-46E3-486A-AE16-E3FE06B559ED}.Debug|x86.Build.0 = Debug|Any CPU
		{5B2D251F-46E3-486A-AE16-E3FE06B559ED}.Release|Any CPU.ActiveCfg = Release|Any CPU
		{5B2D251F-46E3-486A-AE16-E3FE06B559ED}.Release|Any CPU.Build.0 = Release|Any CPU
		{5B2D251F-46E3-486A-AE16-E3FE06B559ED}.Release|x64.ActiveCfg = Release|Any CPU
		{5B2D251F-46E3-486A-AE16-E3FE06B559ED}.Release|x64.Build.0 = Release|Any CPU
		{5B2D251F-46E3-486A-AE16-E3FE06B559ED}.Release|x86.ActiveCfg = Release|Any CPU
		{5B2D251F-46E3-486A-AE16-E3FE06B559ED}.Release|x86.Build.0 = Release|Any CPU
		{23615A39-F3FB-4575-A91C-535899DFB636}.Debug|Any CPU.ActiveCfg = Debug|Any CPU
		{23615A39-F3FB-4575-A91C-535899DFB636}.Debug|Any CPU.Build.0 = Debug|Any CPU
		{23615A39-F3FB-4575-A91C-535899DFB636}.Debug|x64.ActiveCfg = Debug|Any CPU
		{23615A39-F3FB-4575-A91C-535899DFB636}.Debug|x64.Build.0 = Debug|Any CPU
		{23615A39-F3FB-4575-A91C-535899DFB636}.Debug|x86.ActiveCfg = Debug|Any CPU
		{23615A39-F3FB-4575-A91C-535899DFB636}.Debug|x86.Build.0 = Debug|Any CPU
		{23615A39-F3FB-4575-A91C-535899DFB636}.Release|Any CPU.ActiveCfg = Release|Any CPU
		{23615A39-F3FB-4575-A91C-535899DFB636}.Release|Any CPU.Build.0 = Release|Any CPU
		{23615A39-F3FB-4575-A91C-535899DFB636}.Release|x64.ActiveCfg = Release|Any CPU
		{23615A39-F3FB-4575-A91C-535899DFB636}.Release|x64.Build.0 = Release|Any CPU
		{23615A39-F3FB-4575-A91C-535899DFB636}.Release|x86.ActiveCfg = Release|Any CPU
		{23615A39-F3FB-4575-A91C-535899DFB636}.Release|x86.Build.0 = Release|Any CPU
	EndGlobalSection
	GlobalSection(SolutionProperties) = preSolution
		HideSolutionNode = FALSE
	EndGlobalSection
	GlobalSection(NestedProjects) = preSolution
		{BD1C30A8-8FFA-4A92-A9BD-B67B1CDDD84C} = {8CF53B92-5EB1-461D-98F8-70DA9B603FBF}
		{25F66C64-058A-4D44-BC0C-F12A054F9A91} = {4C6B06C2-6D77-4E0E-AE32-D7050236433A}
		{7FD0A92B-7862-4BB1-932B-B52A9CACB56B} = {8CF53B92-5EB1-461D-98F8-70DA9B603FBF}
		{FD0AFD44-7A93-4F9E-B5ED-72582392E435} = {4C6B06C2-6D77-4E0E-AE32-D7050236433A}
		{6A811927-3C37-430A-90F4-503E37123956} = {8CF53B92-5EB1-461D-98F8-70DA9B603FBF}
		{C1E5BBB6-6B6A-4DE5-B19D-0538304DE343} = {8CF53B92-5EB1-461D-98F8-70DA9B603FBF}
		{5E75AB7D-6F01-4313-AFF1-7F7128FFD71F} = {7EDE8CF1-B1E4-4005-B154-834B944E0D7A}
		{F7771E22-47BD-45C4-A133-FD7F1DE27CA0} = {7EDE8CF1-B1E4-4005-B154-834B944E0D7A}
		{27CF800D-890F-4882-BF05-44EC3233537D} = {7EDE8CF1-B1E4-4005-B154-834B944E0D7A}
		{42184546-E3CB-4D4F-9495-43979B9C63B9} = {7EDE8CF1-B1E4-4005-B154-834B944E0D7A}
		{F0A83301-50A5-40EA-A1A2-07C7858F5A3F} = {4C6B06C2-6D77-4E0E-AE32-D7050236433A}
		{6B3F75B6-5888-468E-BA4F-4FC725DAEF31} = {4C6B06C2-6D77-4E0E-AE32-D7050236433A}
		{79FEF326-CA5E-4698-B2BA-C16A4580B4D5} = {4C6B06C2-6D77-4E0E-AE32-D7050236433A}
		{AA003372-CD8D-4DBC-962C-F61E0C93CF05} = {4C6B06C2-6D77-4E0E-AE32-D7050236433A}
		{7DA5B308-D950-4496-93D5-21D6C4D91644} = {4C6B06C2-6D77-4E0E-AE32-D7050236433A}
		{7E8CC864-4C6E-496F-A672-9F9AD8874835} = {7EDE8CF1-B1E4-4005-B154-834B944E0D7A}
		{F3C41B82-6A67-409A-B7FE-54543EE4F38B} = {FB8BC3A2-2010-4C3C-A87D-D4A98C05EE52}
		{5B2D251F-46E3-486A-AE16-E3FE06B559ED} = {7EDE8CF1-B1E4-4005-B154-834B944E0D7A}
		{23615A39-F3FB-4575-A91C-535899DFB636} = {94207AA6-4923-4183-A558-E0F8196B8CA3}
	EndGlobalSection
	GlobalSection(ExtensibilityGlobals) = postSolution
		SolutionGuid = {02F2E872-3141-44F5-BD6A-33CD84E9FE08}
	EndGlobalSection
EndGlobal
