
Microsoft Visual Studio Solution File, Format Version 12.00
# Visual Studio Version 16
VisualStudioVersion = 16.0.30128.74
MinimumVisualStudioVersion = 10.0.40219.1
Project("{FAE04EC0-301F-11D3-BF4B-00C04F79EFBC}") = "Squidex.Translator", "Squidex.Translator\Squidex.Translator.csproj", "{AB1B327F-B64A-4CD7-AF2D-47EEFFE5855F}"
EndProject
Global
	GlobalSection(SolutionConfigurationPlatforms) = preSolution
		Debug|Any CPU = Debug|Any CPU
		Release|Any CPU = Release|Any CPU
	EndGlobalSection
	GlobalSection(ProjectConfigurationPlatforms) = postSolution
		{AB1B327F-B64A-4CD7-AF2D-47EEFFE5855F}.Debug|Any CPU.ActiveCfg = Debug|Any CPU
		{AB1B327F-B64A-4CD7-AF2D-47EEFFE5855F}.Debug|Any CPU.Build.0 = Debug|Any CPU
		{AB1B327F-B64A-4CD7-AF2D-47EEFFE5855F}.Release|Any CPU.ActiveCfg = Release|Any CPU
		{AB1B327F-B64A-4CD7-AF2D-47EEFFE5855F}.Release|Any CPU.Build.0 = Release|Any CPU
	EndGlobalSection
	GlobalSection(SolutionProperties) = preSolution
		HideSolutionNode = FALSE
	EndGlobalSection
	GlobalSection(ExtensibilityGlobals) = postSolution
		SolutionGuid = {1A53C732-1705-4578-A007-BA9536B3957E}
	EndGlobalSection
EndGlobal
