
Microsoft Visual Studio Solution File, Format Version 12.00
# Visual Studio Version 16
VisualStudioVersion = 16.0.29009.5
MinimumVisualStudioVersion = 10.0.40219.1
Project("{9A19103F-16F7-4668-BE54-9A1E7A4F7556}") = "DeploymentApp", "DeploymentApp\DeploymentApp.csproj", "{BB9E8805-33D3-44E3-8E22-3ECAC0D51A0F}"
EndProject
Project("{9A19103F-16F7-4668-BE54-9A1E7A4F7556}") = "CodeGeneration", "CodeGeneration\CodeGeneration.csproj", "{F8D19F4D-E7A7-4A3B-93C6-310728D28097}"
EndProject
Global
	GlobalSection(SolutionConfigurationPlatforms) = preSolution
		Debug|Any CPU = Debug|Any CPU
		Release|Any CPU = Release|Any CPU
	EndGlobalSection
	GlobalSection(ProjectConfigurationPlatforms) = postSolution
		{BB9E8805-33D3-44E3-8E22-3ECAC0D51A0F}.Debug|Any CPU.ActiveCfg = Debug|Any CPU
		{BB9E8805-33D3-44E3-8E22-3ECAC0D51A0F}.Debug|Any CPU.Build.0 = Debug|Any CPU
		{BB9E8805-33D3-44E3-8E22-3ECAC0D51A0F}.Release|Any CPU.ActiveCfg = Release|Any CPU
		{BB9E8805-33D3-44E3-8E22-3ECAC0D51A0F}.Release|Any CPU.Build.0 = Release|Any CPU
		{F8D19F4D-E7A7-4A3B-93C6-310728D28097}.Debug|Any CPU.ActiveCfg = Debug|Any CPU
		{F8D19F4D-E7A7-4A3B-93C6-310728D28097}.Debug|Any CPU.Build.0 = Debug|Any CPU
		{F8D19F4D-E7A7-4A3B-93C6-310728D28097}.Release|Any CPU.ActiveCfg = Release|Any CPU
		{F8D19F4D-E7A7-4A3B-93C6-310728D28097}.Release|Any CPU.Build.0 = Release|Any CPU
	EndGlobalSection
	GlobalSection(SolutionProperties) = preSolution
		HideSolutionNode = FALSE
	EndGlobalSection
	GlobalSection(ExtensibilityGlobals) = postSolution
		SolutionGuid = {1DF2999D-46AB-4A4A-A58D-CE9B598CB711}
	EndGlobalSection
EndGlobal
