
Microsoft Visual Studio Solution File, Format Version 12.00
# Visual Studio Version 17
VisualStudioVersion = 17.5.002.0
MinimumVisualStudioVersion = 10.0.40219.1
Project("{9A19103F-16F7-4668-BE54-9A1E7A4F7556}") = "Squidex.Domain.Apps.Core.Operations", "Squidex.Domain.Apps.Core.Operations.csproj", "{FFB562CF-1043-491F-8745-3C9E75D64CD2}"
EndProject
Global
	GlobalSection(SolutionConfigurationPlatforms) = preSolution
		Debug|Any CPU = Debug|Any CPU
		Release|Any CPU = Release|Any CPU
	EndGlobalSection
	GlobalSection(ProjectConfigurationPlatforms) = postSolution
		{FFB562CF-1043-491F-8745-3C9E75D64CD2}.Debug|Any CPU.ActiveCfg = Debug|Any CPU
		{FFB562CF-1043-491F-8745-3C9E75D64CD2}.Debug|Any CPU.Build.0 = Debug|Any CPU
		{FFB562CF-1043-491F-8745-3C9E75D64CD2}.Release|Any CPU.ActiveCfg = Release|Any CPU
		{FFB562CF-1043-491F-8745-3C9E75D64CD2}.Release|Any CPU.Build.0 = Release|Any CPU
	EndGlobalSection
	GlobalSection(SolutionProperties) = preSolution
		HideSolutionNode = FALSE
	EndGlobalSection
	GlobalSection(ExtensibilityGlobals) = postSolution
		SolutionGuid = {BFF93E04-6D7B-4B58-B163-BC523E055523}
	EndGlobalSection
EndGlobal
